// !$*UTF8*$!
{
	archiveVersion = 1;
	classes = {
	};
	objectVersion = 48;
	objects = {

/* Begin PBXBuildFile section */
		93412C539572DA15072FD06A /* Pods_Griffy.framework in Frameworks */ = {isa = PBXBuildFile; fileRef = 8A2B5E1B83AB8992CCC3418C /* Pods_Griffy.framework */; };
		A90925A221D963B700D7648E /* ClientChooserTableViewCell.swift in Sources */ = {isa = PBXBuildFile; fileRef = A90925A121D963B700D7648E /* ClientChooserTableViewCell.swift */; };
		A9270E6E21B9B56C007BD884 /* ImageChoiceCollectionViewController.swift in Sources */ = {isa = PBXBuildFile; fileRef = A9270E6D21B9B56C007BD884 /* ImageChoiceCollectionViewController.swift */; };
		A9270E7021B9C6C4007BD884 /* GriffyTabBarController.swift in Sources */ = {isa = PBXBuildFile; fileRef = A9270E6F21B9C6C4007BD884 /* GriffyTabBarController.swift */; };
		A9270E7521B9CF89007BD884 /* martin1.png in Resources */ = {isa = PBXBuildFile; fileRef = A9270E7121B9CF88007BD884 /* martin1.png */; };
		A9270E7621B9CF89007BD884 /* eli_bonaire.png in Resources */ = {isa = PBXBuildFile; fileRef = A9270E7221B9CF88007BD884 /* eli_bonaire.png */; };
		A9270E7721B9CF89007BD884 /* sam.png in Resources */ = {isa = PBXBuildFile; fileRef = A9270E7321B9CF88007BD884 /* sam.png */; };
		A9270E7821B9CF89007BD884 /* sorry.png in Resources */ = {isa = PBXBuildFile; fileRef = A9270E7421B9CF88007BD884 /* sorry.png */; };
		A9416F3121FBCB400096824F /* BLEStateManager.swift in Sources */ = {isa = PBXBuildFile; fileRef = A9416F3021FBCB400096824F /* BLEStateManager.swift */; };
		A95AE18023F3B7B700E15EA1 /* BetaSetupVC.swift in Sources */ = {isa = PBXBuildFile; fileRef = A95AE17F23F3B7B700E15EA1 /* BetaSetupVC.swift */; };
		A95AE18223F3B7BA00E15EA1 /* BetaInstructionsVC.swift in Sources */ = {isa = PBXBuildFile; fileRef = A95AE18123F3B7B900E15EA1 /* BetaInstructionsVC.swift */; };
		A95AE18423F3B8BA00E15EA1 /* BetaTodayVC.swift in Sources */ = {isa = PBXBuildFile; fileRef = A95AE18323F3B8BA00E15EA1 /* BetaTodayVC.swift */; };
		A95AE18623F3B90B00E15EA1 /* StoryboardExtensions.swift in Sources */ = {isa = PBXBuildFile; fileRef = A95AE18523F3B90B00E15EA1 /* StoryboardExtensions.swift */; };
		A95AE18823F3BA0900E15EA1 /* BetaTabBarVC.swift in Sources */ = {isa = PBXBuildFile; fileRef = A95AE18723F3BA0900E15EA1 /* BetaTabBarVC.swift */; };
		A95AE18A23F3C9A400E15EA1 /* DateExtensions.swift in Sources */ = {isa = PBXBuildFile; fileRef = A95AE18923F3C9A400E15EA1 /* DateExtensions.swift */; };
		A95AE18C23F3CF6300E15EA1 /* LocationManager.swift in Sources */ = {isa = PBXBuildFile; fileRef = A95AE18B23F3CF6300E15EA1 /* LocationManager.swift */; };
		A95B21D021A0D02B001E1F28 /* AppDelegate.swift in Sources */ = {isa = PBXBuildFile; fileRef = A95B21CF21A0D02B001E1F28 /* AppDelegate.swift */; };
		A95B21D321A0D02B001E1F28 /* Griffy.xcdatamodeld in Sources */ = {isa = PBXBuildFile; fileRef = A95B21D121A0D02B001E1F28 /* Griffy.xcdatamodeld */; };
		A95B21D521A0D02B001E1F28 /* MasterViewController.swift in Sources */ = {isa = PBXBuildFile; fileRef = A95B21D421A0D02B001E1F28 /* MasterViewController.swift */; };
		A95B21DA21A0D02B001E1F28 /* Main.storyboard in Resources */ = {isa = PBXBuildFile; fileRef = A95B21D821A0D02B001E1F28 /* Main.storyboard */; };
		A95B21DC21A0D02B001E1F28 /* Assets.xcassets in Resources */ = {isa = PBXBuildFile; fileRef = A95B21DB21A0D02B001E1F28 /* Assets.xcassets */; };
		A95B21DF21A0D02B001E1F28 /* LaunchScreen.storyboard in Resources */ = {isa = PBXBuildFile; fileRef = A95B21DD21A0D02B001E1F28 /* LaunchScreen.storyboard */; };
		A95B21E921A0D05A001E1F28 /* CoreBluetooth.framework in Frameworks */ = {isa = PBXBuildFile; fileRef = A95B21E821A0D05A001E1F28 /* CoreBluetooth.framework */; };
		A95B21EB21A0D8E8001E1F28 /* BLEConstants.swift in Sources */ = {isa = PBXBuildFile; fileRef = A95B21EA21A0D8E8001E1F28 /* BLEConstants.swift */; };
		A95B21ED21A0DC88001E1F28 /* BluetoothManager.swift in Sources */ = {isa = PBXBuildFile; fileRef = A95B21EC21A0DC88001E1F28 /* BluetoothManager.swift */; };
		A95B21EF21A0EF0B001E1F28 /* Extensions.swift in Sources */ = {isa = PBXBuildFile; fileRef = A95B21EE21A0EF0B001E1F28 /* Extensions.swift */; };
		A95C8A5521A2405F00387444 /* CharacteristicExtensions.swift in Sources */ = {isa = PBXBuildFile; fileRef = A95C8A5421A2405F00387444 /* CharacteristicExtensions.swift */; };
		A95FEF6E23F89E82008F21C5 /* BetaHistoryCell.swift in Sources */ = {isa = PBXBuildFile; fileRef = A95FEF6D23F89E82008F21C5 /* BetaHistoryCell.swift */; };
		A96AB51223F6218A0078C352 /* ArrayExtensions.swift in Sources */ = {isa = PBXBuildFile; fileRef = A96AB51123F6218A0078C352 /* ArrayExtensions.swift */; };
		A96AB51823F622220078C352 /* NumberExtensions.swift in Sources */ = {isa = PBXBuildFile; fileRef = A96AB51723F622220078C352 /* NumberExtensions.swift */; };
		A96AB51A23F62EB00078C352 /* GriffyWebViewController.swift in Sources */ = {isa = PBXBuildFile; fileRef = A96AB51923F62EB00078C352 /* GriffyWebViewController.swift */; };
		A96AB51C23F62ECE0078C352 /* GriffyWebView.swift in Sources */ = {isa = PBXBuildFile; fileRef = A96AB51B23F62ECE0078C352 /* GriffyWebView.swift */; };
		A976F31E21D9771A00A00817 /* GriffyFileManager.swift in Sources */ = {isa = PBXBuildFile; fileRef = A976F31D21D9771A00A00817 /* GriffyFileManager.swift */; };
		A976F32021DC724D00A00817 /* MainControlViewController.swift in Sources */ = {isa = PBXBuildFile; fileRef = A976F31F21DC724C00A00817 /* MainControlViewController.swift */; };
		A97E67A321D6AF410031678A /* ClientChooserTableViewController.swift in Sources */ = {isa = PBXBuildFile; fileRef = A97E67A221D6AF410031678A /* ClientChooserTableViewController.swift */; };
		A981195723DFA64500E2387D /* NetworkManager.swift in Sources */ = {isa = PBXBuildFile; fileRef = A981195623DFA64500E2387D /* NetworkManager.swift */; };
		A981195923DFA8CD00E2387D /* ErrorConstants.swift in Sources */ = {isa = PBXBuildFile; fileRef = A981195823DFA8CD00E2387D /* ErrorConstants.swift */; };
		A981195C23DFA96900E2387D /* UserDefaultConstants.swift in Sources */ = {isa = PBXBuildFile; fileRef = A981195B23DFA96900E2387D /* UserDefaultConstants.swift */; };
		A981195E23DFA98C00E2387D /* APIConstants.swift in Sources */ = {isa = PBXBuildFile; fileRef = A981195D23DFA98C00E2387D /* APIConstants.swift */; };
		A983F6A723F544D100DD44B3 /* BetaHistoryVC.swift in Sources */ = {isa = PBXBuildFile; fileRef = A983F6A623F544D100DD44B3 /* BetaHistoryVC.swift */; };
		A983F6A923F5450300DD44B3 /* BetaHistoryTableVC.swift in Sources */ = {isa = PBXBuildFile; fileRef = A983F6A823F5450300DD44B3 /* BetaHistoryTableVC.swift */; };
		A983F6AB23F5E62C00DD44B3 /* BetaConstants.swift in Sources */ = {isa = PBXBuildFile; fileRef = A983F6AA23F5E62C00DD44B3 /* BetaConstants.swift */; };
		A983F6AD23F5EA6500DD44B3 /* BetaHistoryHeaderCell.xib in Resources */ = {isa = PBXBuildFile; fileRef = A983F6AC23F5EA6500DD44B3 /* BetaHistoryHeaderCell.xib */; };
		A9877E4423F4BF3B008F8F44 /* LottieFiles.swift in Sources */ = {isa = PBXBuildFile; fileRef = A9877E4323F4BF3B008F8F44 /* LottieFiles.swift */; };
		A9877E4623F53464008F8F44 /* ViewControllerExtensions.swift in Sources */ = {isa = PBXBuildFile; fileRef = A9877E4523F53464008F8F44 /* ViewControllerExtensions.swift */; };
		A9877E4823F5381B008F8F44 /* StringExtensions.swift in Sources */ = {isa = PBXBuildFile; fileRef = A9877E4723F5381B008F8F44 /* StringExtensions.swift */; };
		A9877E4E23F53E27008F8F44 /* Formatters.swift in Sources */ = {isa = PBXBuildFile; fileRef = A9877E4D23F53E27008F8F44 /* Formatters.swift */; };
		A998F719241ECDBE00706978 /* DataExtensions.swift in Sources */ = {isa = PBXBuildFile; fileRef = A998F718241ECDBE00706978 /* DataExtensions.swift */; };
		A998F71B2420617300706978 /* AdTableViewController.swift in Sources */ = {isa = PBXBuildFile; fileRef = A998F71A2420617300706978 /* AdTableViewController.swift */; };
		A99A85142422CCE700FCB2B3 /* FieldsUpdateViewController.swift in Sources */ = {isa = PBXBuildFile; fileRef = A99A85132422CCE700FCB2B3 /* FieldsUpdateViewController.swift */; };
		A9A543EA21B5B9A600BF99FD /* BaseTableViewController.swift in Sources */ = {isa = PBXBuildFile; fileRef = A9A543E921B5B9A600BF99FD /* BaseTableViewController.swift */; };
		A9A543EF21B5C24B00BF99FD /* t.pdf in Resources */ = {isa = PBXBuildFile; fileRef = A9A543EE21B5C24B00BF99FD /* t.pdf */; };
		A9A543F421B9AF6900BF99FD /* GriffyImages.swift in Sources */ = {isa = PBXBuildFile; fileRef = A9A543F321B9AF6900BF99FD /* GriffyImages.swift */; };
		A9A5440E21B9B1B800BF99FD /* letters1.radial in Resources */ = {isa = PBXBuildFile; fileRef = A9A543F621B9B1B400BF99FD /* letters1.radial */; };
		A9A5440F21B9B1B800BF99FD /* letters3.png in Resources */ = {isa = PBXBuildFile; fileRef = A9A543F721B9B1B400BF99FD /* letters3.png */; };
		A9A5441021B9B1B800BF99FD /* testfile1.radial in Resources */ = {isa = PBXBuildFile; fileRef = A9A543F821B9B1B400BF99FD /* testfile1.radial */; };
		A9A5441221B9B1B800BF99FD /* letters2.png in Resources */ = {isa = PBXBuildFile; fileRef = A9A543FA21B9B1B400BF99FD /* letters2.png */; };
		A9A5441521B9B1B800BF99FD /* testfile2.png in Resources */ = {isa = PBXBuildFile; fileRef = A9A543FD21B9B1B500BF99FD /* testfile2.png */; };
		A9A5441621B9B1B800BF99FD /* martin1.radial in Resources */ = {isa = PBXBuildFile; fileRef = A9A543FE21B9B1B500BF99FD /* martin1.radial */; };
		A9A5441721B9B1B800BF99FD /* cocacola.radial in Resources */ = {isa = PBXBuildFile; fileRef = A9A543FF21B9B1B500BF99FD /* cocacola.radial */; };
		A9A5441921B9B1B800BF99FD /* eli_bonaire.radial in Resources */ = {isa = PBXBuildFile; fileRef = A9A5440121B9B1B500BF99FD /* eli_bonaire.radial */; };
		A9A5441A21B9B1B800BF99FD /* letters2.radial in Resources */ = {isa = PBXBuildFile; fileRef = A9A5440221B9B1B500BF99FD /* letters2.radial */; };
		A9A5441B21B9B1B800BF99FD /* letters3.radial in Resources */ = {isa = PBXBuildFile; fileRef = A9A5440321B9B1B600BF99FD /* letters3.radial */; };
		A9A5441C21B9B1B800BF99FD /* cocacola.png in Resources */ = {isa = PBXBuildFile; fileRef = A9A5440421B9B1B600BF99FD /* cocacola.png */; };
		A9A5441D21B9B1B800BF99FD /* sorry.radial in Resources */ = {isa = PBXBuildFile; fileRef = A9A5440521B9B1B600BF99FD /* sorry.radial */; };
		A9A5441E21B9B1B800BF99FD /* starbucks.radial in Resources */ = {isa = PBXBuildFile; fileRef = A9A5440621B9B1B600BF99FD /* starbucks.radial */; };
		A9A5441F21B9B1B800BF99FD /* testfile1.png in Resources */ = {isa = PBXBuildFile; fileRef = A9A5440721B9B1B600BF99FD /* testfile1.png */; };
		A9A5442021B9B1B800BF99FD /* testfile4.radial in Resources */ = {isa = PBXBuildFile; fileRef = A9A5440821B9B1B700BF99FD /* testfile4.radial */; };
		A9A5442121B9B1B800BF99FD /* starbucks.png in Resources */ = {isa = PBXBuildFile; fileRef = A9A5440921B9B1B700BF99FD /* starbucks.png */; };
		A9A5442221B9B1B800BF99FD /* testfile4.png in Resources */ = {isa = PBXBuildFile; fileRef = A9A5440A21B9B1B700BF99FD /* testfile4.png */; };
		A9A5442321B9B1B800BF99FD /* letters1.png in Resources */ = {isa = PBXBuildFile; fileRef = A9A5440B21B9B1B700BF99FD /* letters1.png */; };
		A9A5442421B9B1B800BF99FD /* sam.radial in Resources */ = {isa = PBXBuildFile; fileRef = A9A5440C21B9B1B700BF99FD /* sam.radial */; };
		A9A5442521B9B1B800BF99FD /* testfile2.radial in Resources */ = {isa = PBXBuildFile; fileRef = A9A5440D21B9B1B800BF99FD /* testfile2.radial */; };
		A9A5442721B9B41500BF99FD /* ImageChoiceCell.swift in Sources */ = {isa = PBXBuildFile; fileRef = A9A5442621B9B41500BF99FD /* ImageChoiceCell.swift */; };
		A9A665EF221CAE0300D0FABD /* UIImage+GIF.swift in Sources */ = {isa = PBXBuildFile; fileRef = A9A665EE221CAE0300D0FABD /* UIImage+GIF.swift */; };
		A9AFB0A7240EE7060022CB2F /* Location.swift in Sources */ = {isa = PBXBuildFile; fileRef = A9AFB0A6240EE7060022CB2F /* Location.swift */; };
		A9AFB0A9240EE7100022CB2F /* BetaUser.swift in Sources */ = {isa = PBXBuildFile; fileRef = A9AFB0A8240EE7100022CB2F /* BetaUser.swift */; };
		A9AFB0AB240EE7190022CB2F /* Shift.swift in Sources */ = {isa = PBXBuildFile; fileRef = A9AFB0AA240EE7190022CB2F /* Shift.swift */; };
		A9AFB0AD240EE7490022CB2F /* Characteristic.swift in Sources */ = {isa = PBXBuildFile; fileRef = A9AFB0AC240EE7490022CB2F /* Characteristic.swift */; };
		A9B062D22426C98400097E0D /* BluetoothCommunicator.swift in Sources */ = {isa = PBXBuildFile; fileRef = A9B062D12426C98400097E0D /* BluetoothCommunicator.swift */; };
		A9B966EC21ABC5EA0079EBB7 /* BaseObject.swift in Sources */ = {isa = PBXBuildFile; fileRef = A9B966EB21ABC5EA0079EBB7 /* BaseObject.swift */; };
		A9B966EE21ABCBCE0079EBB7 /* SettingsTableViewController.swift in Sources */ = {isa = PBXBuildFile; fileRef = A9B966ED21ABCBCE0079EBB7 /* SettingsTableViewController.swift */; };
		A9B966F021ABD7E10079EBB7 /* RealmMigrations.swift in Sources */ = {isa = PBXBuildFile; fileRef = A9B966EF21ABD7E10079EBB7 /* RealmMigrations.swift */; };
		A9B966F221ABDDED0079EBB7 /* StatusTableViewController.swift in Sources */ = {isa = PBXBuildFile; fileRef = A9B966F121ABDDED0079EBB7 /* StatusTableViewController.swift */; };
		A9B966F421ABDE840079EBB7 /* ImagesTableViewController.swift in Sources */ = {isa = PBXBuildFile; fileRef = A9B966F321ABDE840079EBB7 /* ImagesTableViewController.swift */; };
		A9B966F621ABDE9A0079EBB7 /* AdminMainTableViewController.swift in Sources */ = {isa = PBXBuildFile; fileRef = A9B966F521ABDE9A0079EBB7 /* AdminMainTableViewController.swift */; };
		A9B966F821ABE18A0079EBB7 /* CharacteristicDetailViewController.swift in Sources */ = {isa = PBXBuildFile; fileRef = A9B966F721ABE18A0079EBB7 /* CharacteristicDetailViewController.swift */; };
		A9BBC2A223F3A61B00B9B60C /* Beta.storyboard in Resources */ = {isa = PBXBuildFile; fileRef = A9BBC2A123F3A61B00B9B60C /* Beta.storyboard */; };
		A9BBC2BA23F3A6A100B9B60C /* Montserrat-Bold.otf in Resources */ = {isa = PBXBuildFile; fileRef = A9BBC2A823F3A6A000B9B60C /* Montserrat-Bold.otf */; };
		A9BBC2BB23F3A6A100B9B60C /* Montserrat-ThinItalic.otf in Resources */ = {isa = PBXBuildFile; fileRef = A9BBC2A923F3A6A000B9B60C /* Montserrat-ThinItalic.otf */; };
		A9BBC2BC23F3A6A100B9B60C /* Montserrat-Medium.otf in Resources */ = {isa = PBXBuildFile; fileRef = A9BBC2AA23F3A6A000B9B60C /* Montserrat-Medium.otf */; };
		A9BBC2BD23F3A6A100B9B60C /* Montserrat-Light.otf in Resources */ = {isa = PBXBuildFile; fileRef = A9BBC2AB23F3A6A000B9B60C /* Montserrat-Light.otf */; };
		A9BBC2BE23F3A6A100B9B60C /* Montserrat-Italic.otf in Resources */ = {isa = PBXBuildFile; fileRef = A9BBC2AC23F3A6A000B9B60C /* Montserrat-Italic.otf */; };
		A9BBC2BF23F3A6A100B9B60C /* Montserrat-LightItalic.otf in Resources */ = {isa = PBXBuildFile; fileRef = A9BBC2AD23F3A6A000B9B60C /* Montserrat-LightItalic.otf */; };
		A9BBC2C023F3A6A100B9B60C /* Montserrat-Black.otf in Resources */ = {isa = PBXBuildFile; fileRef = A9BBC2AE23F3A6A100B9B60C /* Montserrat-Black.otf */; };
		A9BBC2C123F3A6A100B9B60C /* Montserrat-Thin.otf in Resources */ = {isa = PBXBuildFile; fileRef = A9BBC2AF23F3A6A100B9B60C /* Montserrat-Thin.otf */; };
		A9BBC2C223F3A6A100B9B60C /* Montserrat-SemiBold.otf in Resources */ = {isa = PBXBuildFile; fileRef = A9BBC2B023F3A6A100B9B60C /* Montserrat-SemiBold.otf */; };
		A9BBC2C323F3A6A100B9B60C /* Montserrat-SemiBoldItalic.otf in Resources */ = {isa = PBXBuildFile; fileRef = A9BBC2B123F3A6A100B9B60C /* Montserrat-SemiBoldItalic.otf */; };
		A9BBC2C423F3A6A100B9B60C /* Montserrat-ExtraBoldItalic.otf in Resources */ = {isa = PBXBuildFile; fileRef = A9BBC2B223F3A6A100B9B60C /* Montserrat-ExtraBoldItalic.otf */; };
		A9BBC2C523F3A6A100B9B60C /* Montserrat-ExtraBold.otf in Resources */ = {isa = PBXBuildFile; fileRef = A9BBC2B323F3A6A100B9B60C /* Montserrat-ExtraBold.otf */; };
		A9BBC2C623F3A6A100B9B60C /* Montserrat-Regular.otf in Resources */ = {isa = PBXBuildFile; fileRef = A9BBC2B423F3A6A100B9B60C /* Montserrat-Regular.otf */; };
		A9BBC2C723F3A6A100B9B60C /* Montserrat-MediumItalic.otf in Resources */ = {isa = PBXBuildFile; fileRef = A9BBC2B523F3A6A100B9B60C /* Montserrat-MediumItalic.otf */; };
		A9BBC2C823F3A6A100B9B60C /* Montserrat-BoldItalic.otf in Resources */ = {isa = PBXBuildFile; fileRef = A9BBC2B623F3A6A100B9B60C /* Montserrat-BoldItalic.otf */; };
		A9BBC2C923F3A6A100B9B60C /* Montserrat-ExtraLight.otf in Resources */ = {isa = PBXBuildFile; fileRef = A9BBC2B723F3A6A100B9B60C /* Montserrat-ExtraLight.otf */; };
		A9BBC2CA23F3A6A100B9B60C /* Montserrat-ExtraLightItalic.otf in Resources */ = {isa = PBXBuildFile; fileRef = A9BBC2B823F3A6A100B9B60C /* Montserrat-ExtraLightItalic.otf */; };
		A9BBC2CB23F3A6A100B9B60C /* Montserrat-BlackItalic.otf in Resources */ = {isa = PBXBuildFile; fileRef = A9BBC2B923F3A6A100B9B60C /* Montserrat-BlackItalic.otf */; };
		A9BBC2CD23F3A73700B9B60C /* FontExtensions.swift in Sources */ = {isa = PBXBuildFile; fileRef = A9BBC2CC23F3A73700B9B60C /* FontExtensions.swift */; };
		A9BBC2D023F3AA6C00B9B60C /* ViewExtensions.swift in Sources */ = {isa = PBXBuildFile; fileRef = A9BBC2CF23F3AA6C00B9B60C /* ViewExtensions.swift */; };
		A9BBC2D223F3ABA700B9B60C /* PaddedTextField.swift in Sources */ = {isa = PBXBuildFile; fileRef = A9BBC2D123F3ABA700B9B60C /* PaddedTextField.swift */; };
		A9BBC2D523F3AF7300B9B60C /* BetaNavigationVC.swift in Sources */ = {isa = PBXBuildFile; fileRef = A9BBC2D423F3AF7300B9B60C /* BetaNavigationVC.swift */; };
		A9BBC2D923F3AFB300B9B60C /* bicycle-delivery.json in Resources */ = {isa = PBXBuildFile; fileRef = A9BBC2D823F3AFB300B9B60C /* bicycle-delivery.json */; };
		A9BBC2DB23F3B57100B9B60C /* RootRouter.swift in Sources */ = {isa = PBXBuildFile; fileRef = A9BBC2DA23F3B57100B9B60C /* RootRouter.swift */; };
		A9BBC2DD23F3B63B00B9B60C /* BetaWelcomeVC.swift in Sources */ = {isa = PBXBuildFile; fileRef = A9BBC2DC23F3B63B00B9B60C /* BetaWelcomeVC.swift */; };
		A9CD43EC24219E45009726F0 /* User.swift in Sources */ = {isa = PBXBuildFile; fileRef = A9CD43EB24219E45009726F0 /* User.swift */; };
		A9D74F1023F4B6CD00E54136 /* location-services.json in Resources */ = {isa = PBXBuildFile; fileRef = A9D74F0F23F4B6CD00E54136 /* location-services.json */; };
		A9D74F1923F4BB4C00E54136 /* BaseViewController.swift in Sources */ = {isa = PBXBuildFile; fileRef = A9D74F1823F4BB4C00E54136 /* BaseViewController.swift */; };
		A9D9A1D92419B8BF00BB8142 /* TestAd.swift in Sources */ = {isa = PBXBuildFile; fileRef = A9D9A1D82419B8BF00BB8142 /* TestAd.swift */; };
		A9D9A1DF2419BC1400BB8142 /* StaticCells.swift in Sources */ = {isa = PBXBuildFile; fileRef = A9D9A1DE2419BC1400BB8142 /* StaticCells.swift */; };
		A9D9A1E12419CA1C00BB8142 /* FileNetworkManager.swift in Sources */ = {isa = PBXBuildFile; fileRef = A9D9A1E02419CA1C00BB8142 /* FileNetworkManager.swift */; };
		A9D9A1E3241AD4C500BB8142 /* RadFrame.swift in Sources */ = {isa = PBXBuildFile; fileRef = A9D9A1E2241AD4C500BB8142 /* RadFrame.swift */; };
		A9D9A1E6241AEE7E00BB8142 /* AdFileManager.swift in Sources */ = {isa = PBXBuildFile; fileRef = A9D9A1E5241AEE7E00BB8142 /* AdFileManager.swift */; };
		A9D9A1E8241C430900BB8142 /* AdMemoryMap.swift in Sources */ = {isa = PBXBuildFile; fileRef = A9D9A1E7241C430900BB8142 /* AdMemoryMap.swift */; };
		A9D9A1EA241C433500BB8142 /* Pump.swift in Sources */ = {isa = PBXBuildFile; fileRef = A9D9A1E9241C433500BB8142 /* Pump.swift */; };
/* End PBXBuildFile section */

/* Begin PBXFileReference section */
		8A2B5E1B83AB8992CCC3418C /* Pods_Griffy.framework */ = {isa = PBXFileReference; explicitFileType = wrapper.framework; includeInIndex = 0; path = Pods_Griffy.framework; sourceTree = BUILT_PRODUCTS_DIR; };
		8F143CB311D88810991B4607 /* Pods-Griffy.debug.xcconfig */ = {isa = PBXFileReference; includeInIndex = 1; lastKnownFileType = text.xcconfig; name = "Pods-Griffy.debug.xcconfig"; path = "Pods/Target Support Files/Pods-Griffy/Pods-Griffy.debug.xcconfig"; sourceTree = "<group>"; };
		A90925A121D963B700D7648E /* ClientChooserTableViewCell.swift */ = {isa = PBXFileReference; lastKnownFileType = sourcecode.swift; path = ClientChooserTableViewCell.swift; sourceTree = "<group>"; };
		A9270E6D21B9B56C007BD884 /* ImageChoiceCollectionViewController.swift */ = {isa = PBXFileReference; fileEncoding = 4; lastKnownFileType = sourcecode.swift; path = ImageChoiceCollectionViewController.swift; sourceTree = "<group>"; };
		A9270E6F21B9C6C4007BD884 /* GriffyTabBarController.swift */ = {isa = PBXFileReference; lastKnownFileType = sourcecode.swift; path = GriffyTabBarController.swift; sourceTree = "<group>"; };
		A9270E7121B9CF88007BD884 /* martin1.png */ = {isa = PBXFileReference; lastKnownFileType = image.png; path = martin1.png; sourceTree = "<group>"; };
		A9270E7221B9CF88007BD884 /* eli_bonaire.png */ = {isa = PBXFileReference; lastKnownFileType = image.png; path = eli_bonaire.png; sourceTree = "<group>"; };
		A9270E7321B9CF88007BD884 /* sam.png */ = {isa = PBXFileReference; lastKnownFileType = image.png; path = sam.png; sourceTree = "<group>"; };
		A9270E7421B9CF88007BD884 /* sorry.png */ = {isa = PBXFileReference; lastKnownFileType = image.png; path = sorry.png; sourceTree = "<group>"; };
		A9416F3021FBCB400096824F /* BLEStateManager.swift */ = {isa = PBXFileReference; lastKnownFileType = sourcecode.swift; path = BLEStateManager.swift; sourceTree = "<group>"; };
		A95AE17F23F3B7B700E15EA1 /* BetaSetupVC.swift */ = {isa = PBXFileReference; lastKnownFileType = sourcecode.swift; path = BetaSetupVC.swift; sourceTree = "<group>"; };
		A95AE18123F3B7B900E15EA1 /* BetaInstructionsVC.swift */ = {isa = PBXFileReference; lastKnownFileType = sourcecode.swift; path = BetaInstructionsVC.swift; sourceTree = "<group>"; };
		A95AE18323F3B8BA00E15EA1 /* BetaTodayVC.swift */ = {isa = PBXFileReference; lastKnownFileType = sourcecode.swift; path = BetaTodayVC.swift; sourceTree = "<group>"; };
		A95AE18523F3B90B00E15EA1 /* StoryboardExtensions.swift */ = {isa = PBXFileReference; lastKnownFileType = sourcecode.swift; path = StoryboardExtensions.swift; sourceTree = "<group>"; };
		A95AE18723F3BA0900E15EA1 /* BetaTabBarVC.swift */ = {isa = PBXFileReference; lastKnownFileType = sourcecode.swift; path = BetaTabBarVC.swift; sourceTree = "<group>"; };
		A95AE18923F3C9A400E15EA1 /* DateExtensions.swift */ = {isa = PBXFileReference; lastKnownFileType = sourcecode.swift; path = DateExtensions.swift; sourceTree = "<group>"; };
		A95AE18B23F3CF6300E15EA1 /* LocationManager.swift */ = {isa = PBXFileReference; lastKnownFileType = sourcecode.swift; path = LocationManager.swift; sourceTree = "<group>"; };
		A95B21CC21A0D02B001E1F28 /* Griffy.app */ = {isa = PBXFileReference; explicitFileType = wrapper.application; includeInIndex = 0; path = Griffy.app; sourceTree = BUILT_PRODUCTS_DIR; };
		A95B21CF21A0D02B001E1F28 /* AppDelegate.swift */ = {isa = PBXFileReference; lastKnownFileType = sourcecode.swift; path = AppDelegate.swift; sourceTree = "<group>"; };
		A95B21D221A0D02B001E1F28 /* Griffy.xcdatamodel */ = {isa = PBXFileReference; lastKnownFileType = wrapper.xcdatamodel; path = Griffy.xcdatamodel; sourceTree = "<group>"; };
		A95B21D421A0D02B001E1F28 /* MasterViewController.swift */ = {isa = PBXFileReference; lastKnownFileType = sourcecode.swift; path = MasterViewController.swift; sourceTree = "<group>"; };
		A95B21D921A0D02B001E1F28 /* Base */ = {isa = PBXFileReference; lastKnownFileType = file.storyboard; name = Base; path = Base.lproj/Main.storyboard; sourceTree = "<group>"; };
		A95B21DB21A0D02B001E1F28 /* Assets.xcassets */ = {isa = PBXFileReference; lastKnownFileType = folder.assetcatalog; path = Assets.xcassets; sourceTree = "<group>"; };
		A95B21DE21A0D02B001E1F28 /* Base */ = {isa = PBXFileReference; lastKnownFileType = file.storyboard; name = Base; path = Base.lproj/LaunchScreen.storyboard; sourceTree = "<group>"; };
		A95B21E021A0D02B001E1F28 /* Info.plist */ = {isa = PBXFileReference; lastKnownFileType = text.plist.xml; path = Info.plist; sourceTree = "<group>"; };
		A95B21E621A0D045001E1F28 /* Griffy.entitlements */ = {isa = PBXFileReference; lastKnownFileType = text.plist.entitlements; path = Griffy.entitlements; sourceTree = "<group>"; };
		A95B21E821A0D05A001E1F28 /* CoreBluetooth.framework */ = {isa = PBXFileReference; lastKnownFileType = wrapper.framework; name = CoreBluetooth.framework; path = System/Library/Frameworks/CoreBluetooth.framework; sourceTree = SDKROOT; };
		A95B21EA21A0D8E8001E1F28 /* BLEConstants.swift */ = {isa = PBXFileReference; lastKnownFileType = sourcecode.swift; path = BLEConstants.swift; sourceTree = "<group>"; };
		A95B21EC21A0DC88001E1F28 /* BluetoothManager.swift */ = {isa = PBXFileReference; lastKnownFileType = sourcecode.swift; path = BluetoothManager.swift; sourceTree = "<group>"; };
		A95B21EE21A0EF0B001E1F28 /* Extensions.swift */ = {isa = PBXFileReference; lastKnownFileType = sourcecode.swift; path = Extensions.swift; sourceTree = "<group>"; };
		A95C8A5421A2405F00387444 /* CharacteristicExtensions.swift */ = {isa = PBXFileReference; lastKnownFileType = sourcecode.swift; path = CharacteristicExtensions.swift; sourceTree = "<group>"; };
		A95FEF6D23F89E82008F21C5 /* BetaHistoryCell.swift */ = {isa = PBXFileReference; lastKnownFileType = sourcecode.swift; path = BetaHistoryCell.swift; sourceTree = "<group>"; };
		A96AB51123F6218A0078C352 /* ArrayExtensions.swift */ = {isa = PBXFileReference; lastKnownFileType = sourcecode.swift; path = ArrayExtensions.swift; sourceTree = "<group>"; };
		A96AB51723F622220078C352 /* NumberExtensions.swift */ = {isa = PBXFileReference; lastKnownFileType = sourcecode.swift; path = NumberExtensions.swift; sourceTree = "<group>"; };
		A96AB51923F62EB00078C352 /* GriffyWebViewController.swift */ = {isa = PBXFileReference; lastKnownFileType = sourcecode.swift; path = GriffyWebViewController.swift; sourceTree = "<group>"; };
		A96AB51B23F62ECE0078C352 /* GriffyWebView.swift */ = {isa = PBXFileReference; lastKnownFileType = sourcecode.swift; path = GriffyWebView.swift; sourceTree = "<group>"; };
		A976F31D21D9771A00A00817 /* GriffyFileManager.swift */ = {isa = PBXFileReference; lastKnownFileType = sourcecode.swift; path = GriffyFileManager.swift; sourceTree = "<group>"; };
		A976F31F21DC724C00A00817 /* MainControlViewController.swift */ = {isa = PBXFileReference; lastKnownFileType = sourcecode.swift; path = MainControlViewController.swift; sourceTree = "<group>"; };
		A97E67A221D6AF410031678A /* ClientChooserTableViewController.swift */ = {isa = PBXFileReference; lastKnownFileType = sourcecode.swift; path = ClientChooserTableViewController.swift; sourceTree = "<group>"; };
		A981195623DFA64500E2387D /* NetworkManager.swift */ = {isa = PBXFileReference; lastKnownFileType = sourcecode.swift; path = NetworkManager.swift; sourceTree = "<group>"; };
		A981195823DFA8CD00E2387D /* ErrorConstants.swift */ = {isa = PBXFileReference; lastKnownFileType = sourcecode.swift; path = ErrorConstants.swift; sourceTree = "<group>"; };
		A981195B23DFA96900E2387D /* UserDefaultConstants.swift */ = {isa = PBXFileReference; lastKnownFileType = sourcecode.swift; path = UserDefaultConstants.swift; sourceTree = "<group>"; };
		A981195D23DFA98C00E2387D /* APIConstants.swift */ = {isa = PBXFileReference; lastKnownFileType = sourcecode.swift; path = APIConstants.swift; sourceTree = "<group>"; };
		A983F6A623F544D100DD44B3 /* BetaHistoryVC.swift */ = {isa = PBXFileReference; lastKnownFileType = sourcecode.swift; path = BetaHistoryVC.swift; sourceTree = "<group>"; };
		A983F6A823F5450300DD44B3 /* BetaHistoryTableVC.swift */ = {isa = PBXFileReference; lastKnownFileType = sourcecode.swift; path = BetaHistoryTableVC.swift; sourceTree = "<group>"; };
		A983F6AA23F5E62C00DD44B3 /* BetaConstants.swift */ = {isa = PBXFileReference; lastKnownFileType = sourcecode.swift; path = BetaConstants.swift; sourceTree = "<group>"; };
		A983F6AC23F5EA6500DD44B3 /* BetaHistoryHeaderCell.xib */ = {isa = PBXFileReference; lastKnownFileType = file.xib; path = BetaHistoryHeaderCell.xib; sourceTree = "<group>"; };
		A9877E4323F4BF3B008F8F44 /* LottieFiles.swift */ = {isa = PBXFileReference; lastKnownFileType = sourcecode.swift; path = LottieFiles.swift; sourceTree = "<group>"; };
		A9877E4523F53464008F8F44 /* ViewControllerExtensions.swift */ = {isa = PBXFileReference; lastKnownFileType = sourcecode.swift; path = ViewControllerExtensions.swift; sourceTree = "<group>"; };
		A9877E4723F5381B008F8F44 /* StringExtensions.swift */ = {isa = PBXFileReference; lastKnownFileType = sourcecode.swift; path = StringExtensions.swift; sourceTree = "<group>"; };
		A9877E4D23F53E27008F8F44 /* Formatters.swift */ = {isa = PBXFileReference; lastKnownFileType = sourcecode.swift; path = Formatters.swift; sourceTree = "<group>"; };
		A998F718241ECDBE00706978 /* DataExtensions.swift */ = {isa = PBXFileReference; lastKnownFileType = sourcecode.swift; path = DataExtensions.swift; sourceTree = "<group>"; };
		A998F71A2420617300706978 /* AdTableViewController.swift */ = {isa = PBXFileReference; lastKnownFileType = sourcecode.swift; path = AdTableViewController.swift; sourceTree = "<group>"; };
		A99A85132422CCE700FCB2B3 /* FieldsUpdateViewController.swift */ = {isa = PBXFileReference; lastKnownFileType = sourcecode.swift; path = FieldsUpdateViewController.swift; sourceTree = "<group>"; };
		A9A543E921B5B9A600BF99FD /* BaseTableViewController.swift */ = {isa = PBXFileReference; lastKnownFileType = sourcecode.swift; path = BaseTableViewController.swift; sourceTree = "<group>"; };
		A9A543EE21B5C24B00BF99FD /* t.pdf */ = {isa = PBXFileReference; lastKnownFileType = image.pdf; path = t.pdf; sourceTree = "<group>"; };
		A9A543F321B9AF6900BF99FD /* GriffyImages.swift */ = {isa = PBXFileReference; lastKnownFileType = sourcecode.swift; path = GriffyImages.swift; sourceTree = "<group>"; };
		A9A543F621B9B1B400BF99FD /* letters1.radial */ = {isa = PBXFileReference; lastKnownFileType = file; path = letters1.radial; sourceTree = "<group>"; };
		A9A543F721B9B1B400BF99FD /* letters3.png */ = {isa = PBXFileReference; lastKnownFileType = image.png; path = letters3.png; sourceTree = "<group>"; };
		A9A543F821B9B1B400BF99FD /* testfile1.radial */ = {isa = PBXFileReference; lastKnownFileType = file; path = testfile1.radial; sourceTree = "<group>"; };
		A9A543FA21B9B1B400BF99FD /* letters2.png */ = {isa = PBXFileReference; lastKnownFileType = image.png; path = letters2.png; sourceTree = "<group>"; };
		A9A543FD21B9B1B500BF99FD /* testfile2.png */ = {isa = PBXFileReference; lastKnownFileType = image.png; path = testfile2.png; sourceTree = "<group>"; };
		A9A543FE21B9B1B500BF99FD /* martin1.radial */ = {isa = PBXFileReference; fileEncoding = 4; lastKnownFileType = text; path = martin1.radial; sourceTree = "<group>"; };
		A9A543FF21B9B1B500BF99FD /* cocacola.radial */ = {isa = PBXFileReference; lastKnownFileType = file; path = cocacola.radial; sourceTree = "<group>"; };
		A9A5440121B9B1B500BF99FD /* eli_bonaire.radial */ = {isa = PBXFileReference; fileEncoding = 4; lastKnownFileType = text; path = eli_bonaire.radial; sourceTree = "<group>"; };
		A9A5440221B9B1B500BF99FD /* letters2.radial */ = {isa = PBXFileReference; lastKnownFileType = file; path = letters2.radial; sourceTree = "<group>"; };
		A9A5440321B9B1B600BF99FD /* letters3.radial */ = {isa = PBXFileReference; lastKnownFileType = file; path = letters3.radial; sourceTree = "<group>"; };
		A9A5440421B9B1B600BF99FD /* cocacola.png */ = {isa = PBXFileReference; lastKnownFileType = image.png; path = cocacola.png; sourceTree = "<group>"; };
		A9A5440521B9B1B600BF99FD /* sorry.radial */ = {isa = PBXFileReference; lastKnownFileType = file; path = sorry.radial; sourceTree = "<group>"; };
		A9A5440621B9B1B600BF99FD /* starbucks.radial */ = {isa = PBXFileReference; lastKnownFileType = file; path = starbucks.radial; sourceTree = "<group>"; };
		A9A5440721B9B1B600BF99FD /* testfile1.png */ = {isa = PBXFileReference; lastKnownFileType = image.png; path = testfile1.png; sourceTree = "<group>"; };
		A9A5440821B9B1B700BF99FD /* testfile4.radial */ = {isa = PBXFileReference; lastKnownFileType = file; path = testfile4.radial; sourceTree = "<group>"; };
		A9A5440921B9B1B700BF99FD /* starbucks.png */ = {isa = PBXFileReference; lastKnownFileType = image.png; path = starbucks.png; sourceTree = "<group>"; };
		A9A5440A21B9B1B700BF99FD /* testfile4.png */ = {isa = PBXFileReference; lastKnownFileType = image.png; path = testfile4.png; sourceTree = "<group>"; };
		A9A5440B21B9B1B700BF99FD /* letters1.png */ = {isa = PBXFileReference; lastKnownFileType = image.png; path = letters1.png; sourceTree = "<group>"; };
		A9A5440C21B9B1B700BF99FD /* sam.radial */ = {isa = PBXFileReference; lastKnownFileType = file; path = sam.radial; sourceTree = "<group>"; };
		A9A5440D21B9B1B800BF99FD /* testfile2.radial */ = {isa = PBXFileReference; lastKnownFileType = file; path = testfile2.radial; sourceTree = "<group>"; };
		A9A5442621B9B41500BF99FD /* ImageChoiceCell.swift */ = {isa = PBXFileReference; lastKnownFileType = sourcecode.swift; path = ImageChoiceCell.swift; sourceTree = "<group>"; };
		A9A665EE221CAE0300D0FABD /* UIImage+GIF.swift */ = {isa = PBXFileReference; lastKnownFileType = sourcecode.swift; path = "UIImage+GIF.swift"; sourceTree = "<group>"; };
		A9AFB0A6240EE7060022CB2F /* Location.swift */ = {isa = PBXFileReference; lastKnownFileType = sourcecode.swift; path = Location.swift; sourceTree = "<group>"; };
		A9AFB0A8240EE7100022CB2F /* BetaUser.swift */ = {isa = PBXFileReference; lastKnownFileType = sourcecode.swift; path = BetaUser.swift; sourceTree = "<group>"; };
		A9AFB0AA240EE7190022CB2F /* Shift.swift */ = {isa = PBXFileReference; lastKnownFileType = sourcecode.swift; path = Shift.swift; sourceTree = "<group>"; };
		A9AFB0AC240EE7490022CB2F /* Characteristic.swift */ = {isa = PBXFileReference; lastKnownFileType = sourcecode.swift; path = Characteristic.swift; sourceTree = "<group>"; };
		A9B062D12426C98400097E0D /* BluetoothCommunicator.swift */ = {isa = PBXFileReference; lastKnownFileType = sourcecode.swift; path = BluetoothCommunicator.swift; sourceTree = "<group>"; };
		A9B966EB21ABC5EA0079EBB7 /* BaseObject.swift */ = {isa = PBXFileReference; lastKnownFileType = sourcecode.swift; path = BaseObject.swift; sourceTree = "<group>"; };
		A9B966ED21ABCBCE0079EBB7 /* SettingsTableViewController.swift */ = {isa = PBXFileReference; lastKnownFileType = sourcecode.swift; path = SettingsTableViewController.swift; sourceTree = "<group>"; };
		A9B966EF21ABD7E10079EBB7 /* RealmMigrations.swift */ = {isa = PBXFileReference; lastKnownFileType = sourcecode.swift; path = RealmMigrations.swift; sourceTree = "<group>"; };
		A9B966F121ABDDED0079EBB7 /* StatusTableViewController.swift */ = {isa = PBXFileReference; lastKnownFileType = sourcecode.swift; path = StatusTableViewController.swift; sourceTree = "<group>"; };
		A9B966F321ABDE840079EBB7 /* ImagesTableViewController.swift */ = {isa = PBXFileReference; lastKnownFileType = sourcecode.swift; path = ImagesTableViewController.swift; sourceTree = "<group>"; };
		A9B966F521ABDE9A0079EBB7 /* AdminMainTableViewController.swift */ = {isa = PBXFileReference; lastKnownFileType = sourcecode.swift; path = AdminMainTableViewController.swift; sourceTree = "<group>"; };
		A9B966F721ABE18A0079EBB7 /* CharacteristicDetailViewController.swift */ = {isa = PBXFileReference; lastKnownFileType = sourcecode.swift; path = CharacteristicDetailViewController.swift; sourceTree = "<group>"; };
		A9BBC2A123F3A61B00B9B60C /* Beta.storyboard */ = {isa = PBXFileReference; lastKnownFileType = file.storyboard; path = Beta.storyboard; sourceTree = "<group>"; };
		A9BBC2A823F3A6A000B9B60C /* Montserrat-Bold.otf */ = {isa = PBXFileReference; lastKnownFileType = file; path = "Montserrat-Bold.otf"; sourceTree = "<group>"; };
		A9BBC2A923F3A6A000B9B60C /* Montserrat-ThinItalic.otf */ = {isa = PBXFileReference; lastKnownFileType = file; path = "Montserrat-ThinItalic.otf"; sourceTree = "<group>"; };
		A9BBC2AA23F3A6A000B9B60C /* Montserrat-Medium.otf */ = {isa = PBXFileReference; lastKnownFileType = file; path = "Montserrat-Medium.otf"; sourceTree = "<group>"; };
		A9BBC2AB23F3A6A000B9B60C /* Montserrat-Light.otf */ = {isa = PBXFileReference; lastKnownFileType = file; path = "Montserrat-Light.otf"; sourceTree = "<group>"; };
		A9BBC2AC23F3A6A000B9B60C /* Montserrat-Italic.otf */ = {isa = PBXFileReference; lastKnownFileType = file; path = "Montserrat-Italic.otf"; sourceTree = "<group>"; };
		A9BBC2AD23F3A6A000B9B60C /* Montserrat-LightItalic.otf */ = {isa = PBXFileReference; lastKnownFileType = file; path = "Montserrat-LightItalic.otf"; sourceTree = "<group>"; };
		A9BBC2AE23F3A6A100B9B60C /* Montserrat-Black.otf */ = {isa = PBXFileReference; lastKnownFileType = file; path = "Montserrat-Black.otf"; sourceTree = "<group>"; };
		A9BBC2AF23F3A6A100B9B60C /* Montserrat-Thin.otf */ = {isa = PBXFileReference; lastKnownFileType = file; path = "Montserrat-Thin.otf"; sourceTree = "<group>"; };
		A9BBC2B023F3A6A100B9B60C /* Montserrat-SemiBold.otf */ = {isa = PBXFileReference; lastKnownFileType = file; path = "Montserrat-SemiBold.otf"; sourceTree = "<group>"; };
		A9BBC2B123F3A6A100B9B60C /* Montserrat-SemiBoldItalic.otf */ = {isa = PBXFileReference; lastKnownFileType = file; path = "Montserrat-SemiBoldItalic.otf"; sourceTree = "<group>"; };
		A9BBC2B223F3A6A100B9B60C /* Montserrat-ExtraBoldItalic.otf */ = {isa = PBXFileReference; lastKnownFileType = file; path = "Montserrat-ExtraBoldItalic.otf"; sourceTree = "<group>"; };
		A9BBC2B323F3A6A100B9B60C /* Montserrat-ExtraBold.otf */ = {isa = PBXFileReference; lastKnownFileType = file; path = "Montserrat-ExtraBold.otf"; sourceTree = "<group>"; };
		A9BBC2B423F3A6A100B9B60C /* Montserrat-Regular.otf */ = {isa = PBXFileReference; lastKnownFileType = file; path = "Montserrat-Regular.otf"; sourceTree = "<group>"; };
		A9BBC2B523F3A6A100B9B60C /* Montserrat-MediumItalic.otf */ = {isa = PBXFileReference; lastKnownFileType = file; path = "Montserrat-MediumItalic.otf"; sourceTree = "<group>"; };
		A9BBC2B623F3A6A100B9B60C /* Montserrat-BoldItalic.otf */ = {isa = PBXFileReference; lastKnownFileType = file; path = "Montserrat-BoldItalic.otf"; sourceTree = "<group>"; };
		A9BBC2B723F3A6A100B9B60C /* Montserrat-ExtraLight.otf */ = {isa = PBXFileReference; lastKnownFileType = file; path = "Montserrat-ExtraLight.otf"; sourceTree = "<group>"; };
		A9BBC2B823F3A6A100B9B60C /* Montserrat-ExtraLightItalic.otf */ = {isa = PBXFileReference; lastKnownFileType = file; path = "Montserrat-ExtraLightItalic.otf"; sourceTree = "<group>"; };
		A9BBC2B923F3A6A100B9B60C /* Montserrat-BlackItalic.otf */ = {isa = PBXFileReference; lastKnownFileType = file; path = "Montserrat-BlackItalic.otf"; sourceTree = "<group>"; };
		A9BBC2CC23F3A73700B9B60C /* FontExtensions.swift */ = {isa = PBXFileReference; lastKnownFileType = sourcecode.swift; path = FontExtensions.swift; sourceTree = "<group>"; };
		A9BBC2CF23F3AA6C00B9B60C /* ViewExtensions.swift */ = {isa = PBXFileReference; lastKnownFileType = sourcecode.swift; path = ViewExtensions.swift; sourceTree = "<group>"; };
		A9BBC2D123F3ABA700B9B60C /* PaddedTextField.swift */ = {isa = PBXFileReference; lastKnownFileType = sourcecode.swift; path = PaddedTextField.swift; sourceTree = "<group>"; };
		A9BBC2D423F3AF7300B9B60C /* BetaNavigationVC.swift */ = {isa = PBXFileReference; lastKnownFileType = sourcecode.swift; path = BetaNavigationVC.swift; sourceTree = "<group>"; };
		A9BBC2D823F3AFB300B9B60C /* bicycle-delivery.json */ = {isa = PBXFileReference; fileEncoding = 4; lastKnownFileType = text.json; path = "bicycle-delivery.json"; sourceTree = "<group>"; };
		A9BBC2DA23F3B57100B9B60C /* RootRouter.swift */ = {isa = PBXFileReference; lastKnownFileType = sourcecode.swift; path = RootRouter.swift; sourceTree = "<group>"; };
		A9BBC2DC23F3B63B00B9B60C /* BetaWelcomeVC.swift */ = {isa = PBXFileReference; lastKnownFileType = sourcecode.swift; path = BetaWelcomeVC.swift; sourceTree = "<group>"; };
		A9CD43EB24219E45009726F0 /* User.swift */ = {isa = PBXFileReference; lastKnownFileType = sourcecode.swift; path = User.swift; sourceTree = "<group>"; };
		A9D74F0F23F4B6CD00E54136 /* location-services.json */ = {isa = PBXFileReference; fileEncoding = 4; lastKnownFileType = text.json; path = "location-services.json"; sourceTree = "<group>"; };
		A9D74F1823F4BB4C00E54136 /* BaseViewController.swift */ = {isa = PBXFileReference; lastKnownFileType = sourcecode.swift; path = BaseViewController.swift; sourceTree = "<group>"; };
		A9D9A1D82419B8BF00BB8142 /* TestAd.swift */ = {isa = PBXFileReference; lastKnownFileType = sourcecode.swift; path = TestAd.swift; sourceTree = "<group>"; };
		A9D9A1DE2419BC1400BB8142 /* StaticCells.swift */ = {isa = PBXFileReference; lastKnownFileType = sourcecode.swift; name = StaticCells.swift; path = "Griffy/Admin/Test Buttons/StaticCells.swift"; sourceTree = SOURCE_ROOT; };
		A9D9A1E02419CA1C00BB8142 /* FileNetworkManager.swift */ = {isa = PBXFileReference; lastKnownFileType = sourcecode.swift; path = FileNetworkManager.swift; sourceTree = "<group>"; };
		A9D9A1E2241AD4C500BB8142 /* RadFrame.swift */ = {isa = PBXFileReference; lastKnownFileType = sourcecode.swift; path = RadFrame.swift; sourceTree = "<group>"; };
		A9D9A1E5241AEE7E00BB8142 /* AdFileManager.swift */ = {isa = PBXFileReference; lastKnownFileType = sourcecode.swift; path = AdFileManager.swift; sourceTree = "<group>"; };
		A9D9A1E7241C430900BB8142 /* AdMemoryMap.swift */ = {isa = PBXFileReference; lastKnownFileType = sourcecode.swift; path = AdMemoryMap.swift; sourceTree = "<group>"; };
		A9D9A1E9241C433500BB8142 /* Pump.swift */ = {isa = PBXFileReference; lastKnownFileType = sourcecode.swift; path = Pump.swift; sourceTree = "<group>"; };
		C7627662C0CC93BB4C7CEC23 /* Pods-Griffy.release.xcconfig */ = {isa = PBXFileReference; includeInIndex = 1; lastKnownFileType = text.xcconfig; name = "Pods-Griffy.release.xcconfig"; path = "Pods/Target Support Files/Pods-Griffy/Pods-Griffy.release.xcconfig"; sourceTree = "<group>"; };
/* End PBXFileReference section */

/* Begin PBXFrameworksBuildPhase section */
		A95B21C921A0D02B001E1F28 /* Frameworks */ = {
			isa = PBXFrameworksBuildPhase;
			buildActionMask = 2147483647;
			files = (
				A95B21E921A0D05A001E1F28 /* CoreBluetooth.framework in Frameworks */,
				93412C539572DA15072FD06A /* Pods_Griffy.framework in Frameworks */,
			);
			runOnlyForDeploymentPostprocessing = 0;
		};
/* End PBXFrameworksBuildPhase section */

/* Begin PBXGroup section */
		A95B21C321A0D02B001E1F28 = {
			isa = PBXGroup;
			children = (
				A95B21CE21A0D02B001E1F28 /* Griffy */,
				A95B21CD21A0D02B001E1F28 /* Products */,
				A95B21E721A0D05A001E1F28 /* Frameworks */,
				CD0C92496895C6A8DA24B47B /* Pods */,
			);
			sourceTree = "<group>";
		};
		A95B21CD21A0D02B001E1F28 /* Products */ = {
			isa = PBXGroup;
			children = (
				A95B21CC21A0D02B001E1F28 /* Griffy.app */,
			);
			name = Products;
			sourceTree = "<group>";
		};
		A95B21CE21A0D02B001E1F28 /* Griffy */ = {
			isa = PBXGroup;
			children = (
				A96AB51923F62EB00078C352 /* GriffyWebViewController.swift */,
				A96AB51B23F62ECE0078C352 /* GriffyWebView.swift */,
				A9877E4D23F53E27008F8F44 /* Formatters.swift */,
				A9D74F1823F4BB4C00E54136 /* BaseViewController.swift */,
				A9D74F1723F4BA6B00E54136 /* Location */,
				A9BBC2DA23F3B57100B9B60C /* RootRouter.swift */,
				A9BBC2D723F3AF9D00B9B60C /* Lottie Files */,
				A9BBC2D623F3AF7600B9B60C /* Beta Screens */,
				A9BBC2D323F3ABB900B9B60C /* View Subclasses */,
				A9BBC2CE23F3A73E00B9B60C /* Extensions */,
				A9BBC2A123F3A61B00B9B60C /* Beta.storyboard */,
				A9A665EE221CAE0300D0FABD /* UIImage+GIF.swift */,
				A9416F3021FBCB400096824F /* BLEStateManager.swift */,
				A9BBC2A723F3A68700B9B60C /* Fonts */,
				A9270E6F21B9C6C4007BD884 /* GriffyTabBarController.swift */,
				A981195A23DFA8E400E2387D /* Constants */,
				A981195523DFA63D00E2387D /* API */,
				A9A543EB21B5BAB900BF99FD /* Admin */,
				A9B966EF21ABD7E10079EBB7 /* RealmMigrations.swift */,
				A9AFB0A5240EE6F90022CB2F /* Model */,
				A95C8A5421A2405F00387444 /* CharacteristicExtensions.swift */,
				A95B21E621A0D045001E1F28 /* Griffy.entitlements */,
				A95B21CF21A0D02B001E1F28 /* AppDelegate.swift */,
				A95B21D421A0D02B001E1F28 /* MasterViewController.swift */,
				A9A543EE21B5C24B00BF99FD /* t.pdf */,
				A9A543F321B9AF6900BF99FD /* GriffyImages.swift */,
				A9B062CE2426C8CA00097E0D /* Griffy Bluetooth */,
				A9A543F521B9B01E00BF99FD /* Dummy Data */,
				A9D9A1E4241AEE6F00BB8142 /* File Managers */,
				A95B21D821A0D02B001E1F28 /* Main.storyboard */,
				A95B21DB21A0D02B001E1F28 /* Assets.xcassets */,
				A95B21DD21A0D02B001E1F28 /* LaunchScreen.storyboard */,
				A95B21E021A0D02B001E1F28 /* Info.plist */,
				A95B21D121A0D02B001E1F28 /* Griffy.xcdatamodeld */,
			);
			path = Griffy;
			sourceTree = "<group>";
		};
		A95B21E721A0D05A001E1F28 /* Frameworks */ = {
			isa = PBXGroup;
			children = (
				A95B21E821A0D05A001E1F28 /* CoreBluetooth.framework */,
				8A2B5E1B83AB8992CCC3418C /* Pods_Griffy.framework */,
			);
			name = Frameworks;
			sourceTree = "<group>";
		};
		A95FEF6A23F89E5A008F21C5 /* History */ = {
			isa = PBXGroup;
			children = (
				A983F6A823F5450300DD44B3 /* BetaHistoryTableVC.swift */,
				A95FEF6D23F89E82008F21C5 /* BetaHistoryCell.swift */,
				A983F6A623F544D100DD44B3 /* BetaHistoryVC.swift */,
				A983F6AC23F5EA6500DD44B3 /* BetaHistoryHeaderCell.xib */,
			);
			path = History;
			sourceTree = "<group>";
		};
		A95FEF6B23F89E6B008F21C5 /* Today */ = {
			isa = PBXGroup;
			children = (
				A95AE18323F3B8BA00E15EA1 /* BetaTodayVC.swift */,
			);
			path = Today;
			sourceTree = "<group>";
		};
		A95FEF6C23F89E72008F21C5 /* Intro */ = {
			isa = PBXGroup;
			children = (
				A9BBC2DC23F3B63B00B9B60C /* BetaWelcomeVC.swift */,
				A95AE18123F3B7B900E15EA1 /* BetaInstructionsVC.swift */,
				A95AE17F23F3B7B700E15EA1 /* BetaSetupVC.swift */,
			);
			path = Intro;
			sourceTree = "<group>";
		};
		A981195523DFA63D00E2387D /* API */ = {
			isa = PBXGroup;
			children = (
				A981195623DFA64500E2387D /* NetworkManager.swift */,
				A9D9A1E02419CA1C00BB8142 /* FileNetworkManager.swift */,
			);
			path = API;
			sourceTree = "<group>";
		};
		A981195A23DFA8E400E2387D /* Constants */ = {
			isa = PBXGroup;
			children = (
				A981195B23DFA96900E2387D /* UserDefaultConstants.swift */,
				A981195823DFA8CD00E2387D /* ErrorConstants.swift */,
				A981195D23DFA98C00E2387D /* APIConstants.swift */,
			);
			path = Constants;
			sourceTree = "<group>";
		};
		A998F7202421711800706978 /* Test Buttons */ = {
			isa = PBXGroup;
			children = (
				A9D9A1DE2419BC1400BB8142 /* StaticCells.swift */,
			);
			path = "Test Buttons";
			sourceTree = "<group>";
		};
		A9A543EB21B5BAB900BF99FD /* Admin */ = {
			isa = PBXGroup;
			children = (
				A99A85132422CCE700FCB2B3 /* FieldsUpdateViewController.swift */,
				A976F31F21DC724C00A00817 /* MainControlViewController.swift */,
				A998F71A2420617300706978 /* AdTableViewController.swift */,
				A998F7202421711800706978 /* Test Buttons */,
				A9D9A1EC241C443D00BB8142 /* Dropbox VCs */,
				A9D9A1ED241C444500BB8142 /* Image Selection */,
				A9D9A1EB241C441500BB8142 /* TableViewControllers */,
			);
			path = Admin;
			sourceTree = "<group>";
		};
		A9A543F521B9B01E00BF99FD /* Dummy Data */ = {
			isa = PBXGroup;
			children = (
				A9A5440421B9B1B600BF99FD /* cocacola.png */,
				A9A543FF21B9B1B500BF99FD /* cocacola.radial */,
				A9270E7221B9CF88007BD884 /* eli_bonaire.png */,
				A9A5440121B9B1B500BF99FD /* eli_bonaire.radial */,
				A9A5440B21B9B1B700BF99FD /* letters1.png */,
				A9A543F621B9B1B400BF99FD /* letters1.radial */,
				A9A543FA21B9B1B400BF99FD /* letters2.png */,
				A9A5440221B9B1B500BF99FD /* letters2.radial */,
				A9A543F721B9B1B400BF99FD /* letters3.png */,
				A9A5440321B9B1B600BF99FD /* letters3.radial */,
				A9270E7421B9CF88007BD884 /* sorry.png */,
				A9A5440521B9B1B600BF99FD /* sorry.radial */,
				A9270E7121B9CF88007BD884 /* martin1.png */,
				A9A543FE21B9B1B500BF99FD /* martin1.radial */,
				A9270E7321B9CF88007BD884 /* sam.png */,
				A9A5440C21B9B1B700BF99FD /* sam.radial */,
				A9A5440921B9B1B700BF99FD /* starbucks.png */,
				A9A5440621B9B1B600BF99FD /* starbucks.radial */,
				A9A5440721B9B1B600BF99FD /* testfile1.png */,
				A9A543F821B9B1B400BF99FD /* testfile1.radial */,
				A9A543FD21B9B1B500BF99FD /* testfile2.png */,
				A9A5440D21B9B1B800BF99FD /* testfile2.radial */,
				A9A5440A21B9B1B700BF99FD /* testfile4.png */,
				A9A5440821B9B1B700BF99FD /* testfile4.radial */,
			);
			path = "Dummy Data";
			sourceTree = "<group>";
		};
		A9AFB0A5240EE6F90022CB2F /* Model */ = {
			isa = PBXGroup;
			children = (
				A9B966EB21ABC5EA0079EBB7 /* BaseObject.swift */,
				A9D9A1E7241C430900BB8142 /* AdMemoryMap.swift */,
				A9D9A1E9241C433500BB8142 /* Pump.swift */,
				A9CD43EB24219E45009726F0 /* User.swift */,
				A9D9A1D82419B8BF00BB8142 /* TestAd.swift */,
				A9D9A1E2241AD4C500BB8142 /* RadFrame.swift */,
				A9AFB0A6240EE7060022CB2F /* Location.swift */,
				A9AFB0A8240EE7100022CB2F /* BetaUser.swift */,
				A9AFB0AC240EE7490022CB2F /* Characteristic.swift */,
				A9AFB0AA240EE7190022CB2F /* Shift.swift */,
			);
			path = Model;
			sourceTree = "<group>";
		};
		A9B062CE2426C8CA00097E0D /* Griffy Bluetooth */ = {
			isa = PBXGroup;
			children = (
				A95B21EA21A0D8E8001E1F28 /* BLEConstants.swift */,
				A95B21EC21A0DC88001E1F28 /* BluetoothManager.swift */,
				A9B062D12426C98400097E0D /* BluetoothCommunicator.swift */,
			);
			path = "Griffy Bluetooth";
			sourceTree = "<group>";
		};
		A9BBC2A723F3A68700B9B60C /* Fonts */ = {
			isa = PBXGroup;
			children = (
				A9BBC2AE23F3A6A100B9B60C /* Montserrat-Black.otf */,
				A9BBC2B923F3A6A100B9B60C /* Montserrat-BlackItalic.otf */,
				A9BBC2A823F3A6A000B9B60C /* Montserrat-Bold.otf */,
				A9BBC2B623F3A6A100B9B60C /* Montserrat-BoldItalic.otf */,
				A9BBC2B323F3A6A100B9B60C /* Montserrat-ExtraBold.otf */,
				A9BBC2B223F3A6A100B9B60C /* Montserrat-ExtraBoldItalic.otf */,
				A9BBC2B723F3A6A100B9B60C /* Montserrat-ExtraLight.otf */,
				A9BBC2B823F3A6A100B9B60C /* Montserrat-ExtraLightItalic.otf */,
				A9BBC2AC23F3A6A000B9B60C /* Montserrat-Italic.otf */,
				A9BBC2AB23F3A6A000B9B60C /* Montserrat-Light.otf */,
				A9BBC2AD23F3A6A000B9B60C /* Montserrat-LightItalic.otf */,
				A9BBC2AA23F3A6A000B9B60C /* Montserrat-Medium.otf */,
				A9BBC2B523F3A6A100B9B60C /* Montserrat-MediumItalic.otf */,
				A9BBC2B423F3A6A100B9B60C /* Montserrat-Regular.otf */,
				A9BBC2B023F3A6A100B9B60C /* Montserrat-SemiBold.otf */,
				A9BBC2B123F3A6A100B9B60C /* Montserrat-SemiBoldItalic.otf */,
				A9BBC2AF23F3A6A100B9B60C /* Montserrat-Thin.otf */,
				A9BBC2A923F3A6A000B9B60C /* Montserrat-ThinItalic.otf */,
			);
			path = Fonts;
			sourceTree = "<group>";
		};
		A9BBC2CE23F3A73E00B9B60C /* Extensions */ = {
			isa = PBXGroup;
			children = (
				A95B21EE21A0EF0B001E1F28 /* Extensions.swift */,
				A96AB51123F6218A0078C352 /* ArrayExtensions.swift */,
				A96AB51723F622220078C352 /* NumberExtensions.swift */,
				A9877E4723F5381B008F8F44 /* StringExtensions.swift */,
				A9877E4523F53464008F8F44 /* ViewControllerExtensions.swift */,
				A95AE18923F3C9A400E15EA1 /* DateExtensions.swift */,
				A998F718241ECDBE00706978 /* DataExtensions.swift */,
				A9BBC2CC23F3A73700B9B60C /* FontExtensions.swift */,
				A95AE18523F3B90B00E15EA1 /* StoryboardExtensions.swift */,
				A9BBC2CF23F3AA6C00B9B60C /* ViewExtensions.swift */,
			);
			path = Extensions;
			sourceTree = "<group>";
		};
		A9BBC2D323F3ABB900B9B60C /* View Subclasses */ = {
			isa = PBXGroup;
			children = (
				A9BBC2D123F3ABA700B9B60C /* PaddedTextField.swift */,
			);
			path = "View Subclasses";
			sourceTree = "<group>";
		};
		A9BBC2D623F3AF7600B9B60C /* Beta Screens */ = {
			isa = PBXGroup;
			children = (
				A95FEF6A23F89E5A008F21C5 /* History */,
				A983F6AA23F5E62C00DD44B3 /* BetaConstants.swift */,
				A95FEF6B23F89E6B008F21C5 /* Today */,
				A95FEF6C23F89E72008F21C5 /* Intro */,
				A95AE18723F3BA0900E15EA1 /* BetaTabBarVC.swift */,
				A9BBC2D423F3AF7300B9B60C /* BetaNavigationVC.swift */,
			);
			path = "Beta Screens";
			sourceTree = "<group>";
		};
		A9BBC2D723F3AF9D00B9B60C /* Lottie Files */ = {
			isa = PBXGroup;
			children = (
				A9877E4323F4BF3B008F8F44 /* LottieFiles.swift */,
				A9D74F0F23F4B6CD00E54136 /* location-services.json */,
				A9BBC2D823F3AFB300B9B60C /* bicycle-delivery.json */,
			);
			path = "Lottie Files";
			sourceTree = "<group>";
		};
		A9D74F1723F4BA6B00E54136 /* Location */ = {
			isa = PBXGroup;
			children = (
				A95AE18B23F3CF6300E15EA1 /* LocationManager.swift */,
			);
			path = Location;
			sourceTree = "<group>";
		};
		A9D9A1E4241AEE6F00BB8142 /* File Managers */ = {
			isa = PBXGroup;
			children = (
				A976F31D21D9771A00A00817 /* GriffyFileManager.swift */,
				A9D9A1E5241AEE7E00BB8142 /* AdFileManager.swift */,
			);
			path = "File Managers";
			sourceTree = "<group>";
		};
		A9D9A1EB241C441500BB8142 /* TableViewControllers */ = {
			isa = PBXGroup;
			children = (
				A9B966F721ABE18A0079EBB7 /* CharacteristicDetailViewController.swift */,
				A9A543E921B5B9A600BF99FD /* BaseTableViewController.swift */,
				A9B966F121ABDDED0079EBB7 /* StatusTableViewController.swift */,
				A9B966F321ABDE840079EBB7 /* ImagesTableViewController.swift */,
				A9B966ED21ABCBCE0079EBB7 /* SettingsTableViewController.swift */,
				A9B966F521ABDE9A0079EBB7 /* AdminMainTableViewController.swift */,
			);
			path = TableViewControllers;
			sourceTree = "<group>";
		};
		A9D9A1EC241C443D00BB8142 /* Dropbox VCs */ = {
			isa = PBXGroup;
			children = (
				A97E67A221D6AF410031678A /* ClientChooserTableViewController.swift */,
				A90925A121D963B700D7648E /* ClientChooserTableViewCell.swift */,
			);
			path = "Dropbox VCs";
			sourceTree = "<group>";
		};
		A9D9A1ED241C444500BB8142 /* Image Selection */ = {
			isa = PBXGroup;
			children = (
				A9A5442621B9B41500BF99FD /* ImageChoiceCell.swift */,
				A9270E6D21B9B56C007BD884 /* ImageChoiceCollectionViewController.swift */,
			);
			path = "Image Selection";
			sourceTree = "<group>";
		};
		CD0C92496895C6A8DA24B47B /* Pods */ = {
			isa = PBXGroup;
			children = (
				8F143CB311D88810991B4607 /* Pods-Griffy.debug.xcconfig */,
				C7627662C0CC93BB4C7CEC23 /* Pods-Griffy.release.xcconfig */,
			);
			name = Pods;
			sourceTree = "<group>";
		};
/* End PBXGroup section */

/* Begin PBXNativeTarget section */
		A95B21CB21A0D02B001E1F28 /* Griffy */ = {
			isa = PBXNativeTarget;
			buildConfigurationList = A95B21E321A0D02B001E1F28 /* Build configuration list for PBXNativeTarget "Griffy" */;
			buildPhases = (
				53C0D2D86C7694E7B2261C89 /* [CP] Check Pods Manifest.lock */,
				A95B21C821A0D02B001E1F28 /* Sources */,
				A95B21C921A0D02B001E1F28 /* Frameworks */,
				A95B21CA21A0D02B001E1F28 /* Resources */,
				4BDCB41A2E6F994889454F9D /* [CP] Embed Pods Frameworks */,
				A92CF4B421AF23EF009C31EE /* ShellScript */,
			);
			buildRules = (
			);
			dependencies = (
			);
			name = Griffy;
			productName = Griffy;
			productReference = A95B21CC21A0D02B001E1F28 /* Griffy.app */;
			productType = "com.apple.product-type.application";
		};
/* End PBXNativeTarget section */

/* Begin PBXProject section */
		A95B21C421A0D02B001E1F28 /* Project object */ = {
			isa = PBXProject;
			attributes = {
				LastSwiftUpdateCheck = 1010;
				LastUpgradeCheck = 1010;
				ORGANIZATIONNAME = "Sam Goldstein";
				TargetAttributes = {
					A95B21CB21A0D02B001E1F28 = {
						CreatedOnToolsVersion = 10.1;
						ProvisioningStyle = Automatic;
						SystemCapabilities = {
							com.apple.BackgroundModes = {
								enabled = 1;
							};
							com.apple.NearFieldCommunicationTagReading = {
								enabled = 1;
							};
						};
					};
				};
			};
			buildConfigurationList = A95B21C721A0D02B001E1F28 /* Build configuration list for PBXProject "Griffy" */;
			compatibilityVersion = "Xcode 8.0";
			developmentRegion = en;
			hasScannedForEncodings = 0;
			knownRegions = (
				en,
				Base,
			);
			mainGroup = A95B21C321A0D02B001E1F28;
			productRefGroup = A95B21CD21A0D02B001E1F28 /* Products */;
			projectDirPath = "";
			projectRoot = "";
			targets = (
				A95B21CB21A0D02B001E1F28 /* Griffy */,
			);
		};
/* End PBXProject section */

/* Begin PBXResourcesBuildPhase section */
		A95B21CA21A0D02B001E1F28 /* Resources */ = {
			isa = PBXResourcesBuildPhase;
			buildActionMask = 2147483647;
			files = (
				A95B21DF21A0D02B001E1F28 /* LaunchScreen.storyboard in Resources */,
				A9BBC2C523F3A6A100B9B60C /* Montserrat-ExtraBold.otf in Resources */,
				A9BBC2CA23F3A6A100B9B60C /* Montserrat-ExtraLightItalic.otf in Resources */,
				A9A5441721B9B1B800BF99FD /* cocacola.radial in Resources */,
				A9A5442121B9B1B800BF99FD /* starbucks.png in Resources */,
				A983F6AD23F5EA6500DD44B3 /* BetaHistoryHeaderCell.xib in Resources */,
				A9BBC2C323F3A6A100B9B60C /* Montserrat-SemiBoldItalic.otf in Resources */,
				A9BBC2C623F3A6A100B9B60C /* Montserrat-Regular.otf in Resources */,
				A95B21DC21A0D02B001E1F28 /* Assets.xcassets in Resources */,
				A9BBC2C023F3A6A100B9B60C /* Montserrat-Black.otf in Resources */,
				A9BBC2D923F3AFB300B9B60C /* bicycle-delivery.json in Resources */,
				A9A5442521B9B1B800BF99FD /* testfile2.radial in Resources */,
				A9BBC2BA23F3A6A100B9B60C /* Montserrat-Bold.otf in Resources */,
				A9D74F1023F4B6CD00E54136 /* location-services.json in Resources */,
				A9A5441021B9B1B800BF99FD /* testfile1.radial in Resources */,
				A9A5442421B9B1B800BF99FD /* sam.radial in Resources */,
				A9BBC2BE23F3A6A100B9B60C /* Montserrat-Italic.otf in Resources */,
				A9A5441921B9B1B800BF99FD /* eli_bonaire.radial in Resources */,
				A9BBC2C423F3A6A100B9B60C /* Montserrat-ExtraBoldItalic.otf in Resources */,
				A9BBC2C823F3A6A100B9B60C /* Montserrat-BoldItalic.otf in Resources */,
				A9BBC2BC23F3A6A100B9B60C /* Montserrat-Medium.otf in Resources */,
				A9A5442321B9B1B800BF99FD /* letters1.png in Resources */,
				A9BBC2BD23F3A6A100B9B60C /* Montserrat-Light.otf in Resources */,
				A9BBC2BF23F3A6A100B9B60C /* Montserrat-LightItalic.otf in Resources */,
				A9270E7721B9CF89007BD884 /* sam.png in Resources */,
				A9A5441621B9B1B800BF99FD /* martin1.radial in Resources */,
				A9A5441C21B9B1B800BF99FD /* cocacola.png in Resources */,
				A9A5442221B9B1B800BF99FD /* testfile4.png in Resources */,
				A9270E7521B9CF89007BD884 /* martin1.png in Resources */,
				A9BBC2BB23F3A6A100B9B60C /* Montserrat-ThinItalic.otf in Resources */,
				A9BBC2C223F3A6A100B9B60C /* Montserrat-SemiBold.otf in Resources */,
				A9A5440E21B9B1B800BF99FD /* letters1.radial in Resources */,
				A9BBC2C123F3A6A100B9B60C /* Montserrat-Thin.otf in Resources */,
				A9BBC2C723F3A6A100B9B60C /* Montserrat-MediumItalic.otf in Resources */,
				A9270E7621B9CF89007BD884 /* eli_bonaire.png in Resources */,
				A9A543EF21B5C24B00BF99FD /* t.pdf in Resources */,
				A95B21DA21A0D02B001E1F28 /* Main.storyboard in Resources */,
				A9A5442021B9B1B800BF99FD /* testfile4.radial in Resources */,
				A9BBC2CB23F3A6A100B9B60C /* Montserrat-BlackItalic.otf in Resources */,
				A9BBC2C923F3A6A100B9B60C /* Montserrat-ExtraLight.otf in Resources */,
				A9A5441B21B9B1B800BF99FD /* letters3.radial in Resources */,
				A9A5441D21B9B1B800BF99FD /* sorry.radial in Resources */,
				A9A5440F21B9B1B800BF99FD /* letters3.png in Resources */,
				A9A5441E21B9B1B800BF99FD /* starbucks.radial in Resources */,
				A9270E7821B9CF89007BD884 /* sorry.png in Resources */,
				A9A5441A21B9B1B800BF99FD /* letters2.radial in Resources */,
				A9A5441F21B9B1B800BF99FD /* testfile1.png in Resources */,
				A9A5441521B9B1B800BF99FD /* testfile2.png in Resources */,
				A9BBC2A223F3A61B00B9B60C /* Beta.storyboard in Resources */,
				A9A5441221B9B1B800BF99FD /* letters2.png in Resources */,
			);
			runOnlyForDeploymentPostprocessing = 0;
		};
/* End PBXResourcesBuildPhase section */

/* Begin PBXShellScriptBuildPhase section */
		4BDCB41A2E6F994889454F9D /* [CP] Embed Pods Frameworks */ = {
			isa = PBXShellScriptBuildPhase;
			buildActionMask = 2147483647;
			files = (
			);
			inputPaths = (
				"${PODS_ROOT}/Target Support Files/Pods-Griffy/Pods-Griffy-frameworks.sh",
				"${BUILT_PRODUCTS_DIR}/Alamofire/Alamofire.framework",
				"${BUILT_PRODUCTS_DIR}/JGProgressHUD/JGProgressHUD.framework",
				"${BUILT_PRODUCTS_DIR}/PureLayout/PureLayout.framework",
				"${BUILT_PRODUCTS_DIR}/ReachabilitySwift/Reachability.framework",
				"${BUILT_PRODUCTS_DIR}/Realm/Realm.framework",
				"${BUILT_PRODUCTS_DIR}/RealmSwift/RealmSwift.framework",
				"${BUILT_PRODUCTS_DIR}/SDWebImage/SDWebImage.framework",
				"${BUILT_PRODUCTS_DIR}/SSSpinnerButton/SSSpinnerButton.framework",
				"${BUILT_PRODUCTS_DIR}/SnapKit/SnapKit.framework",
				"${BUILT_PRODUCTS_DIR}/SwiftDate/SwiftDate.framework",
				"${BUILT_PRODUCTS_DIR}/SwiftyDropbox/SwiftyDropbox.framework",
				"${BUILT_PRODUCTS_DIR}/Toast-Swift/Toast_Swift.framework",
				"${BUILT_PRODUCTS_DIR}/lottie-ios/Lottie.framework",
			);
			name = "[CP] Embed Pods Frameworks";
			outputPaths = (
				"${TARGET_BUILD_DIR}/${FRAMEWORKS_FOLDER_PATH}/Alamofire.framework",
				"${TARGET_BUILD_DIR}/${FRAMEWORKS_FOLDER_PATH}/JGProgressHUD.framework",
				"${TARGET_BUILD_DIR}/${FRAMEWORKS_FOLDER_PATH}/PureLayout.framework",
				"${TARGET_BUILD_DIR}/${FRAMEWORKS_FOLDER_PATH}/Reachability.framework",
				"${TARGET_BUILD_DIR}/${FRAMEWORKS_FOLDER_PATH}/Realm.framework",
				"${TARGET_BUILD_DIR}/${FRAMEWORKS_FOLDER_PATH}/RealmSwift.framework",
				"${TARGET_BUILD_DIR}/${FRAMEWORKS_FOLDER_PATH}/SDWebImage.framework",
				"${TARGET_BUILD_DIR}/${FRAMEWORKS_FOLDER_PATH}/SSSpinnerButton.framework",
				"${TARGET_BUILD_DIR}/${FRAMEWORKS_FOLDER_PATH}/SnapKit.framework",
				"${TARGET_BUILD_DIR}/${FRAMEWORKS_FOLDER_PATH}/SwiftDate.framework",
				"${TARGET_BUILD_DIR}/${FRAMEWORKS_FOLDER_PATH}/SwiftyDropbox.framework",
				"${TARGET_BUILD_DIR}/${FRAMEWORKS_FOLDER_PATH}/Toast_Swift.framework",
				"${TARGET_BUILD_DIR}/${FRAMEWORKS_FOLDER_PATH}/Lottie.framework",
			);
			runOnlyForDeploymentPostprocessing = 0;
			shellPath = /bin/sh;
			shellScript = "\"${PODS_ROOT}/Target Support Files/Pods-Griffy/Pods-Griffy-frameworks.sh\"\n";
			showEnvVarsInLog = 0;
		};
		53C0D2D86C7694E7B2261C89 /* [CP] Check Pods Manifest.lock */ = {
			isa = PBXShellScriptBuildPhase;
			buildActionMask = 2147483647;
			files = (
			);
			inputPaths = (
				"${PODS_PODFILE_DIR_PATH}/Podfile.lock",
				"${PODS_ROOT}/Manifest.lock",
			);
			name = "[CP] Check Pods Manifest.lock";
			outputPaths = (
				"$(DERIVED_FILE_DIR)/Pods-Griffy-checkManifestLockResult.txt",
			);
			runOnlyForDeploymentPostprocessing = 0;
			shellPath = /bin/sh;
			shellScript = "diff \"${PODS_PODFILE_DIR_PATH}/Podfile.lock\" \"${PODS_ROOT}/Manifest.lock\" > /dev/null\nif [ $? != 0 ] ; then\n    # print error to STDERR\n    echo \"error: The sandbox is not in sync with the Podfile.lock. Run 'pod install' or update your CocoaPods installation.\" >&2\n    exit 1\nfi\n# This output is used by Xcode 'outputs' to avoid re-running this script phase.\necho \"SUCCESS\" > \"${SCRIPT_OUTPUT_FILE_0}\"\n";
			showEnvVarsInLog = 0;
		};
		A92CF4B421AF23EF009C31EE /* ShellScript */ = {
			isa = PBXShellScriptBuildPhase;
			buildActionMask = 2147483647;
			files = (
			);
			inputFileListPaths = (
			);
			inputPaths = (
			);
			outputFileListPaths = (
			);
			outputPaths = (
			);
			runOnlyForDeploymentPostprocessing = 0;
			shellPath = /bin/sh;
			shellScript = "\"${PODS_ROOT}/Fabric/run\" 7205cd5b0cf9a4b0c7a6f0d185d18d9f7478da23 e9dfaa87facd55cb4d18c16058d26cd576b989c6932033b121433ab51f65ca8c\n";
		};
/* End PBXShellScriptBuildPhase section */

/* Begin PBXSourcesBuildPhase section */
		A95B21C821A0D02B001E1F28 /* Sources */ = {
			isa = PBXSourcesBuildPhase;
			buildActionMask = 2147483647;
			files = (
				A998F719241ECDBE00706978 /* DataExtensions.swift in Sources */,
				A9D9A1E12419CA1C00BB8142 /* FileNetworkManager.swift in Sources */,
				A998F71B2420617300706978 /* AdTableViewController.swift in Sources */,
				A9D9A1D92419B8BF00BB8142 /* TestAd.swift in Sources */,
				A9B966F821ABE18A0079EBB7 /* CharacteristicDetailViewController.swift in Sources */,
				A96AB51A23F62EB00078C352 /* GriffyWebViewController.swift in Sources */,
				A9B966F021ABD7E10079EBB7 /* RealmMigrations.swift in Sources */,
				A95AE18223F3B7BA00E15EA1 /* BetaInstructionsVC.swift in Sources */,
				A95AE18623F3B90B00E15EA1 /* StoryboardExtensions.swift in Sources */,
				A9877E4423F4BF3B008F8F44 /* LottieFiles.swift in Sources */,
				A9877E4E23F53E27008F8F44 /* Formatters.swift in Sources */,
				A9BBC2DD23F3B63B00B9B60C /* BetaWelcomeVC.swift in Sources */,
				A9BBC2CD23F3A73700B9B60C /* FontExtensions.swift in Sources */,
				A9B062D22426C98400097E0D /* BluetoothCommunicator.swift in Sources */,
				A95AE18823F3BA0900E15EA1 /* BetaTabBarVC.swift in Sources */,
				A976F32021DC724D00A00817 /* MainControlViewController.swift in Sources */,
				A9D9A1DF2419BC1400BB8142 /* StaticCells.swift in Sources */,
				A9D9A1E6241AEE7E00BB8142 /* AdFileManager.swift in Sources */,
				A95B21EB21A0D8E8001E1F28 /* BLEConstants.swift in Sources */,
				A95B21D321A0D02B001E1F28 /* Griffy.xcdatamodeld in Sources */,
				A9BBC2D523F3AF7300B9B60C /* BetaNavigationVC.swift in Sources */,
				A9877E4823F5381B008F8F44 /* StringExtensions.swift in Sources */,
				A9A665EF221CAE0300D0FABD /* UIImage+GIF.swift in Sources */,
				A96AB51C23F62ECE0078C352 /* GriffyWebView.swift in Sources */,
				A9BBC2DB23F3B57100B9B60C /* RootRouter.swift in Sources */,
				A9B966F421ABDE840079EBB7 /* ImagesTableViewController.swift in Sources */,
				A981195E23DFA98C00E2387D /* APIConstants.swift in Sources */,
				A99A85142422CCE700FCB2B3 /* FieldsUpdateViewController.swift in Sources */,
				A9D74F1923F4BB4C00E54136 /* BaseViewController.swift in Sources */,
				A9B966F221ABDDED0079EBB7 /* StatusTableViewController.swift in Sources */,
				A9BBC2D023F3AA6C00B9B60C /* ViewExtensions.swift in Sources */,
				A9D9A1EA241C433500BB8142 /* Pump.swift in Sources */,
				A983F6A723F544D100DD44B3 /* BetaHistoryVC.swift in Sources */,
				A95C8A5521A2405F00387444 /* CharacteristicExtensions.swift in Sources */,
				A95B21D021A0D02B001E1F28 /* AppDelegate.swift in Sources */,
				A981195C23DFA96900E2387D /* UserDefaultConstants.swift in Sources */,
				A976F31E21D9771A00A00817 /* GriffyFileManager.swift in Sources */,
				A9A5442721B9B41500BF99FD /* ImageChoiceCell.swift in Sources */,
				A983F6AB23F5E62C00DD44B3 /* BetaConstants.swift in Sources */,
				A96AB51223F6218A0078C352 /* ArrayExtensions.swift in Sources */,
				A9AFB0AD240EE7490022CB2F /* Characteristic.swift in Sources */,
				A90925A221D963B700D7648E /* ClientChooserTableViewCell.swift in Sources */,
				A9270E7021B9C6C4007BD884 /* GriffyTabBarController.swift in Sources */,
				A95AE18A23F3C9A400E15EA1 /* DateExtensions.swift in Sources */,
				A95B21D521A0D02B001E1F28 /* MasterViewController.swift in Sources */,
				A983F6A923F5450300DD44B3 /* BetaHistoryTableVC.swift in Sources */,
				A97E67A321D6AF410031678A /* ClientChooserTableViewController.swift in Sources */,
				A9AFB0A9240EE7100022CB2F /* BetaUser.swift in Sources */,
				A981195923DFA8CD00E2387D /* ErrorConstants.swift in Sources */,
				A981195723DFA64500E2387D /* NetworkManager.swift in Sources */,
				A95B21ED21A0DC88001E1F28 /* BluetoothManager.swift in Sources */,
				A9416F3121FBCB400096824F /* BLEStateManager.swift in Sources */,
				A95AE18423F3B8BA00E15EA1 /* BetaTodayVC.swift in Sources */,
				A9A543F421B9AF6900BF99FD /* GriffyImages.swift in Sources */,
				A95AE18023F3B7B700E15EA1 /* BetaSetupVC.swift in Sources */,
				A95FEF6E23F89E82008F21C5 /* BetaHistoryCell.swift in Sources */,
				A9AFB0AB240EE7190022CB2F /* Shift.swift in Sources */,
				A9B966F621ABDE9A0079EBB7 /* AdminMainTableViewController.swift in Sources */,
				A9B966EC21ABC5EA0079EBB7 /* BaseObject.swift in Sources */,
				A9BBC2D223F3ABA700B9B60C /* PaddedTextField.swift in Sources */,
				A9AFB0A7240EE7060022CB2F /* Location.swift in Sources */,
				A9A543EA21B5B9A600BF99FD /* BaseTableViewController.swift in Sources */,
				A95AE18C23F3CF6300E15EA1 /* LocationManager.swift in Sources */,
				A96AB51823F622220078C352 /* NumberExtensions.swift in Sources */,
				A9D9A1E3241AD4C500BB8142 /* RadFrame.swift in Sources */,
				A95B21EF21A0EF0B001E1F28 /* Extensions.swift in Sources */,
				A9B966EE21ABCBCE0079EBB7 /* SettingsTableViewController.swift in Sources */,
				A9877E4623F53464008F8F44 /* ViewControllerExtensions.swift in Sources */,
				A9D9A1E8241C430900BB8142 /* AdMemoryMap.swift in Sources */,
				A9270E6E21B9B56C007BD884 /* ImageChoiceCollectionViewController.swift in Sources */,
				A9CD43EC24219E45009726F0 /* User.swift in Sources */,
			);
			runOnlyForDeploymentPostprocessing = 0;
		};
/* End PBXSourcesBuildPhase section */

/* Begin PBXVariantGroup section */
		A95B21D821A0D02B001E1F28 /* Main.storyboard */ = {
			isa = PBXVariantGroup;
			children = (
				A95B21D921A0D02B001E1F28 /* Base */,
			);
			name = Main.storyboard;
			sourceTree = "<group>";
		};
		A95B21DD21A0D02B001E1F28 /* LaunchScreen.storyboard */ = {
			isa = PBXVariantGroup;
			children = (
				A95B21DE21A0D02B001E1F28 /* Base */,
			);
			name = LaunchScreen.storyboard;
			sourceTree = "<group>";
		};
/* End PBXVariantGroup section */

/* Begin XCBuildConfiguration section */
		A95B21E121A0D02B001E1F28 /* Debug */ = {
			isa = XCBuildConfiguration;
			buildSettings = {
				ALWAYS_SEARCH_USER_PATHS = NO;
				CLANG_ANALYZER_NONNULL = YES;
				CLANG_ANALYZER_NUMBER_OBJECT_CONVERSION = YES_AGGRESSIVE;
				CLANG_CXX_LANGUAGE_STANDARD = "gnu++14";
				CLANG_CXX_LIBRARY = "libc++";
				CLANG_ENABLE_MODULES = YES;
				CLANG_ENABLE_OBJC_ARC = YES;
				CLANG_ENABLE_OBJC_WEAK = YES;
				CLANG_WARN_BLOCK_CAPTURE_AUTORELEASING = YES;
				CLANG_WARN_BOOL_CONVERSION = YES;
				CLANG_WARN_COMMA = YES;
				CLANG_WARN_CONSTANT_CONVERSION = YES;
				CLANG_WARN_DEPRECATED_OBJC_IMPLEMENTATIONS = YES;
				CLANG_WARN_DIRECT_OBJC_ISA_USAGE = YES_ERROR;
				CLANG_WARN_DOCUMENTATION_COMMENTS = YES;
				CLANG_WARN_EMPTY_BODY = YES;
				CLANG_WARN_ENUM_CONVERSION = YES;
				CLANG_WARN_INFINITE_RECURSION = YES;
				CLANG_WARN_INT_CONVERSION = YES;
				CLANG_WARN_NON_LITERAL_NULL_CONVERSION = YES;
				CLANG_WARN_OBJC_IMPLICIT_RETAIN_SELF = YES;
				CLANG_WARN_OBJC_LITERAL_CONVERSION = YES;
				CLANG_WARN_OBJC_ROOT_CLASS = YES_ERROR;
				CLANG_WARN_RANGE_LOOP_ANALYSIS = YES;
				CLANG_WARN_STRICT_PROTOTYPES = YES;
				CLANG_WARN_SUSPICIOUS_MOVE = YES;
				CLANG_WARN_UNGUARDED_AVAILABILITY = YES_AGGRESSIVE;
				CLANG_WARN_UNREACHABLE_CODE = YES;
				CLANG_WARN__DUPLICATE_METHOD_MATCH = YES;
				CODE_SIGN_IDENTITY = "iPhone Developer";
				COPY_PHASE_STRIP = NO;
				DEBUG_INFORMATION_FORMAT = dwarf;
				ENABLE_STRICT_OBJC_MSGSEND = YES;
				ENABLE_TESTABILITY = YES;
				GCC_C_LANGUAGE_STANDARD = gnu11;
				GCC_DYNAMIC_NO_PIC = NO;
				GCC_NO_COMMON_BLOCKS = YES;
				GCC_OPTIMIZATION_LEVEL = 0;
				GCC_PREPROCESSOR_DEFINITIONS = (
					"DEBUG=1",
					"$(inherited)",
				);
				GCC_WARN_64_TO_32_BIT_CONVERSION = YES;
				GCC_WARN_ABOUT_RETURN_TYPE = YES_ERROR;
				GCC_WARN_UNDECLARED_SELECTOR = YES;
				GCC_WARN_UNINITIALIZED_AUTOS = YES_AGGRESSIVE;
				GCC_WARN_UNUSED_FUNCTION = YES;
				GCC_WARN_UNUSED_VARIABLE = YES;
				IPHONEOS_DEPLOYMENT_TARGET = 12.1;
				MTL_ENABLE_DEBUG_INFO = INCLUDE_SOURCE;
				MTL_FAST_MATH = YES;
				ONLY_ACTIVE_ARCH = YES;
				SDKROOT = iphoneos;
				SWIFT_ACTIVE_COMPILATION_CONDITIONS = DEBUG;
				SWIFT_OPTIMIZATION_LEVEL = "-Owholemodule";
			};
			name = Debug;
		};
		A95B21E221A0D02B001E1F28 /* Release */ = {
			isa = XCBuildConfiguration;
			buildSettings = {
				ALWAYS_SEARCH_USER_PATHS = NO;
				CLANG_ANALYZER_NONNULL = YES;
				CLANG_ANALYZER_NUMBER_OBJECT_CONVERSION = YES_AGGRESSIVE;
				CLANG_CXX_LANGUAGE_STANDARD = "gnu++14";
				CLANG_CXX_LIBRARY = "libc++";
				CLANG_ENABLE_MODULES = YES;
				CLANG_ENABLE_OBJC_ARC = YES;
				CLANG_ENABLE_OBJC_WEAK = YES;
				CLANG_WARN_BLOCK_CAPTURE_AUTORELEASING = YES;
				CLANG_WARN_BOOL_CONVERSION = YES;
				CLANG_WARN_COMMA = YES;
				CLANG_WARN_CONSTANT_CONVERSION = YES;
				CLANG_WARN_DEPRECATED_OBJC_IMPLEMENTATIONS = YES;
				CLANG_WARN_DIRECT_OBJC_ISA_USAGE = YES_ERROR;
				CLANG_WARN_DOCUMENTATION_COMMENTS = YES;
				CLANG_WARN_EMPTY_BODY = YES;
				CLANG_WARN_ENUM_CONVERSION = YES;
				CLANG_WARN_INFINITE_RECURSION = YES;
				CLANG_WARN_INT_CONVERSION = YES;
				CLANG_WARN_NON_LITERAL_NULL_CONVERSION = YES;
				CLANG_WARN_OBJC_IMPLICIT_RETAIN_SELF = YES;
				CLANG_WARN_OBJC_LITERAL_CONVERSION = YES;
				CLANG_WARN_OBJC_ROOT_CLASS = YES_ERROR;
				CLANG_WARN_RANGE_LOOP_ANALYSIS = YES;
				CLANG_WARN_STRICT_PROTOTYPES = YES;
				CLANG_WARN_SUSPICIOUS_MOVE = YES;
				CLANG_WARN_UNGUARDED_AVAILABILITY = YES_AGGRESSIVE;
				CLANG_WARN_UNREACHABLE_CODE = YES;
				CLANG_WARN__DUPLICATE_METHOD_MATCH = YES;
				CODE_SIGN_IDENTITY = "iPhone Developer";
				COPY_PHASE_STRIP = NO;
				DEBUG_INFORMATION_FORMAT = "dwarf-with-dsym";
				ENABLE_NS_ASSERTIONS = NO;
				ENABLE_STRICT_OBJC_MSGSEND = YES;
				GCC_C_LANGUAGE_STANDARD = gnu11;
				GCC_NO_COMMON_BLOCKS = YES;
				GCC_WARN_64_TO_32_BIT_CONVERSION = YES;
				GCC_WARN_ABOUT_RETURN_TYPE = YES_ERROR;
				GCC_WARN_UNDECLARED_SELECTOR = YES;
				GCC_WARN_UNINITIALIZED_AUTOS = YES_AGGRESSIVE;
				GCC_WARN_UNUSED_FUNCTION = YES;
				GCC_WARN_UNUSED_VARIABLE = YES;
				IPHONEOS_DEPLOYMENT_TARGET = 12.1;
				MTL_ENABLE_DEBUG_INFO = NO;
				MTL_FAST_MATH = YES;
				SDKROOT = iphoneos;
				SWIFT_OPTIMIZATION_LEVEL = "-Owholemodule";
				VALIDATE_PRODUCT = YES;
			};
			name = Release;
		};
		A95B21E421A0D02B001E1F28 /* Debug */ = {
			isa = XCBuildConfiguration;
			baseConfigurationReference = 8F143CB311D88810991B4607 /* Pods-Griffy.debug.xcconfig */;
			buildSettings = {
				ASSETCATALOG_COMPILER_APPICON_NAME = AppIcon;
				CODE_SIGN_ENTITLEMENTS = Griffy/Griffy.entitlements;
				CODE_SIGN_STYLE = Automatic;
				CURRENT_PROJECT_VERSION = 6;
				DEBUG_INFORMATION_FORMAT = "dwarf-with-dsym";
				DEVELOPMENT_TEAM = Q43VC9K527;
				INFOPLIST_FILE = Griffy/Info.plist;
				LD_RUNPATH_SEARCH_PATHS = "$(inherited) @executable_path/Frameworks";
				MARKETING_VERSION = 0.1;
				PRODUCT_BUNDLE_IDENTIFIER = com.griffy.Griffy;
				PRODUCT_NAME = "$(TARGET_NAME)";
				SWIFT_OPTIMIZATION_LEVEL = "-Onone";
				SWIFT_VERSION = 4.2;
				TARGETED_DEVICE_FAMILY = "1,2";
			};
			name = Debug;
		};
		A95B21E521A0D02B001E1F28 /* Release */ = {
			isa = XCBuildConfiguration;
			baseConfigurationReference = C7627662C0CC93BB4C7CEC23 /* Pods-Griffy.release.xcconfig */;
			buildSettings = {
				ASSETCATALOG_COMPILER_APPICON_NAME = AppIcon;
				CODE_SIGN_ENTITLEMENTS = Griffy/Griffy.entitlements;
				CODE_SIGN_STYLE = Automatic;
				CURRENT_PROJECT_VERSION = 6;
				DEVELOPMENT_TEAM = Q43VC9K527;
				INFOPLIST_FILE = Griffy/Info.plist;
				LD_RUNPATH_SEARCH_PATHS = "$(inherited) @executable_path/Frameworks";
				MARKETING_VERSION = 0.1;
				PRODUCT_BUNDLE_IDENTIFIER = com.griffy.Griffy;
				PRODUCT_NAME = "$(TARGET_NAME)";
				SWIFT_OPTIMIZATION_LEVEL = "-O";
				SWIFT_VERSION = 4.2;
				TARGETED_DEVICE_FAMILY = "1,2";
			};
			name = Release;
		};
/* End XCBuildConfiguration section */

/* Begin XCConfigurationList section */
		A95B21C721A0D02B001E1F28 /* Build configuration list for PBXProject "Griffy" */ = {
			isa = XCConfigurationList;
			buildConfigurations = (
				A95B21E121A0D02B001E1F28 /* Debug */,
				A95B21E221A0D02B001E1F28 /* Release */,
			);
			defaultConfigurationIsVisible = 0;
			defaultConfigurationName = Release;
		};
		A95B21E321A0D02B001E1F28 /* Build configuration list for PBXNativeTarget "Griffy" */ = {
			isa = XCConfigurationList;
			buildConfigurations = (
				A95B21E421A0D02B001E1F28 /* Debug */,
				A95B21E521A0D02B001E1F28 /* Release */,
			);
			defaultConfigurationIsVisible = 0;
			defaultConfigurationName = Release;
		};
/* End XCConfigurationList section */

/* Begin XCVersionGroup section */
		A95B21D121A0D02B001E1F28 /* Griffy.xcdatamodeld */ = {
			isa = XCVersionGroup;
			children = (
				A95B21D221A0D02B001E1F28 /* Griffy.xcdatamodel */,
			);
			currentVersion = A95B21D221A0D02B001E1F28 /* Griffy.xcdatamodel */;
			path = Griffy.xcdatamodeld;
			sourceTree = "<group>";
			versionGroupType = wrapper.xcdatamodel;
		};
/* End XCVersionGroup section */
	};
	rootObject = A95B21C421A0D02B001E1F28 /* Project object */;
}
