// !$*UTF8*$!
{
	archiveVersion = 1;
	classes = {
	};
	objectVersion = 48;
	objects = {

/* Begin PBXBuildFile section */
		93412C539572DA15072FD06A /* Pods_Griffy.framework in Frameworks */ = {isa = PBXBuildFile; fileRef = 8A2B5E1B83AB8992CCC3418C /* Pods_Griffy.framework */; };
		A90925A221D963B700D7648E /* ClientChooserTableViewCell.swift in Sources */ = {isa = PBXBuildFile; fileRef = A90925A121D963B700D7648E /* ClientChooserTableViewCell.swift */; };
		A9270E6E21B9B56C007BD884 /* ImageChoiceCollectionViewController.swift in Sources */ = {isa = PBXBuildFile; fileRef = A9270E6D21B9B56C007BD884 /* ImageChoiceCollectionViewController.swift */; };
		A9270E7021B9C6C4007BD884 /* GriffyTabBarController.swift in Sources */ = {isa = PBXBuildFile; fileRef = A9270E6F21B9C6C4007BD884 /* GriffyTabBarController.swift */; };
		A9270E7521B9CF89007BD884 /* martin1.png in Resources */ = {isa = PBXBuildFile; fileRef = A9270E7121B9CF88007BD884 /* martin1.png */; };
		A9270E7621B9CF89007BD884 /* eli_bonaire.png in Resources */ = {isa = PBXBuildFile; fileRef = A9270E7221B9CF88007BD884 /* eli_bonaire.png */; };
		A9270E7721B9CF89007BD884 /* sam.png in Resources */ = {isa = PBXBuildFile; fileRef = A9270E7321B9CF88007BD884 /* sam.png */; };
		A9270E7821B9CF89007BD884 /* sorry.png in Resources */ = {isa = PBXBuildFile; fileRef = A9270E7421B9CF88007BD884 /* sorry.png */; };
		A9416F3121FBCB400096824F /* GFStateManager.swift in Sources */ = {isa = PBXBuildFile; fileRef = A9416F3021FBCB400096824F /* GFStateManager.swift */; };
		A95B21D021A0D02B001E1F28 /* AppDelegate.swift in Sources */ = {isa = PBXBuildFile; fileRef = A95B21CF21A0D02B001E1F28 /* AppDelegate.swift */; };
		A95B21D321A0D02B001E1F28 /* Griffy.xcdatamodeld in Sources */ = {isa = PBXBuildFile; fileRef = A95B21D121A0D02B001E1F28 /* Griffy.xcdatamodeld */; };
		A95B21D521A0D02B001E1F28 /* MasterViewController.swift in Sources */ = {isa = PBXBuildFile; fileRef = A95B21D421A0D02B001E1F28 /* MasterViewController.swift */; };
		A95B21DA21A0D02B001E1F28 /* Main.storyboard in Resources */ = {isa = PBXBuildFile; fileRef = A95B21D821A0D02B001E1F28 /* Main.storyboard */; };
		A95B21DC21A0D02B001E1F28 /* Assets.xcassets in Resources */ = {isa = PBXBuildFile; fileRef = A95B21DB21A0D02B001E1F28 /* Assets.xcassets */; };
		A95B21DF21A0D02B001E1F28 /* LaunchScreen.storyboard in Resources */ = {isa = PBXBuildFile; fileRef = A95B21DD21A0D02B001E1F28 /* LaunchScreen.storyboard */; };
		A95B21E921A0D05A001E1F28 /* CoreBluetooth.framework in Frameworks */ = {isa = PBXBuildFile; fileRef = A95B21E821A0D05A001E1F28 /* CoreBluetooth.framework */; };
		A95B21EB21A0D8E8001E1F28 /* Constants.swift in Sources */ = {isa = PBXBuildFile; fileRef = A95B21EA21A0D8E8001E1F28 /* Constants.swift */; };
		A95B21ED21A0DC88001E1F28 /* BluetoothManager.swift in Sources */ = {isa = PBXBuildFile; fileRef = A95B21EC21A0DC88001E1F28 /* BluetoothManager.swift */; };
		A95B21EF21A0EF0B001E1F28 /* Extensions.swift in Sources */ = {isa = PBXBuildFile; fileRef = A95B21EE21A0EF0B001E1F28 /* Extensions.swift */; };
		A95C8A5521A2405F00387444 /* CharacteristicExtensions.swift in Sources */ = {isa = PBXBuildFile; fileRef = A95C8A5421A2405F00387444 /* CharacteristicExtensions.swift */; };
		A976F31E21D9771A00A00817 /* GriffyFileManager.swift in Sources */ = {isa = PBXBuildFile; fileRef = A976F31D21D9771A00A00817 /* GriffyFileManager.swift */; };
		A976F32021DC724D00A00817 /* MainControlViewController.swift in Sources */ = {isa = PBXBuildFile; fileRef = A976F31F21DC724C00A00817 /* MainControlViewController.swift */; };
		A97E67A321D6AF410031678A /* ClientChooserTableViewController.swift in Sources */ = {isa = PBXBuildFile; fileRef = A97E67A221D6AF410031678A /* ClientChooserTableViewController.swift */; };
		A9A543EA21B5B9A600BF99FD /* BaseTableViewController.swift in Sources */ = {isa = PBXBuildFile; fileRef = A9A543E921B5B9A600BF99FD /* BaseTableViewController.swift */; };
		A9A543EF21B5C24B00BF99FD /* t.pdf in Resources */ = {isa = PBXBuildFile; fileRef = A9A543EE21B5C24B00BF99FD /* t.pdf */; };
		A9A543F421B9AF6900BF99FD /* GriffyImages.swift in Sources */ = {isa = PBXBuildFile; fileRef = A9A543F321B9AF6900BF99FD /* GriffyImages.swift */; };
		A9A5440E21B9B1B800BF99FD /* letters1.radial in Resources */ = {isa = PBXBuildFile; fileRef = A9A543F621B9B1B400BF99FD /* letters1.radial */; };
		A9A5440F21B9B1B800BF99FD /* letters3.png in Resources */ = {isa = PBXBuildFile; fileRef = A9A543F721B9B1B400BF99FD /* letters3.png */; };
		A9A5441021B9B1B800BF99FD /* testfile1.radial in Resources */ = {isa = PBXBuildFile; fileRef = A9A543F821B9B1B400BF99FD /* testfile1.radial */; };
		A9A5441221B9B1B800BF99FD /* letters2.png in Resources */ = {isa = PBXBuildFile; fileRef = A9A543FA21B9B1B400BF99FD /* letters2.png */; };
		A9A5441521B9B1B800BF99FD /* testfile2.png in Resources */ = {isa = PBXBuildFile; fileRef = A9A543FD21B9B1B500BF99FD /* testfile2.png */; };
		A9A5441621B9B1B800BF99FD /* martin1.radial in Resources */ = {isa = PBXBuildFile; fileRef = A9A543FE21B9B1B500BF99FD /* martin1.radial */; };
		A9A5441721B9B1B800BF99FD /* cocacola.radial in Resources */ = {isa = PBXBuildFile; fileRef = A9A543FF21B9B1B500BF99FD /* cocacola.radial */; };
		A9A5441921B9B1B800BF99FD /* eli_bonaire.radial in Resources */ = {isa = PBXBuildFile; fileRef = A9A5440121B9B1B500BF99FD /* eli_bonaire.radial */; };
		A9A5441A21B9B1B800BF99FD /* letters2.radial in Resources */ = {isa = PBXBuildFile; fileRef = A9A5440221B9B1B500BF99FD /* letters2.radial */; };
		A9A5441B21B9B1B800BF99FD /* letters3.radial in Resources */ = {isa = PBXBuildFile; fileRef = A9A5440321B9B1B600BF99FD /* letters3.radial */; };
		A9A5441C21B9B1B800BF99FD /* cocacola.png in Resources */ = {isa = PBXBuildFile; fileRef = A9A5440421B9B1B600BF99FD /* cocacola.png */; };
		A9A5441D21B9B1B800BF99FD /* sorry.radial in Resources */ = {isa = PBXBuildFile; fileRef = A9A5440521B9B1B600BF99FD /* sorry.radial */; };
		A9A5441E21B9B1B800BF99FD /* starbucks.radial in Resources */ = {isa = PBXBuildFile; fileRef = A9A5440621B9B1B600BF99FD /* starbucks.radial */; };
		A9A5441F21B9B1B800BF99FD /* testfile1.png in Resources */ = {isa = PBXBuildFile; fileRef = A9A5440721B9B1B600BF99FD /* testfile1.png */; };
		A9A5442021B9B1B800BF99FD /* testfile4.radial in Resources */ = {isa = PBXBuildFile; fileRef = A9A5440821B9B1B700BF99FD /* testfile4.radial */; };
		A9A5442121B9B1B800BF99FD /* starbucks.png in Resources */ = {isa = PBXBuildFile; fileRef = A9A5440921B9B1B700BF99FD /* starbucks.png */; };
		A9A5442221B9B1B800BF99FD /* testfile4.png in Resources */ = {isa = PBXBuildFile; fileRef = A9A5440A21B9B1B700BF99FD /* testfile4.png */; };
		A9A5442321B9B1B800BF99FD /* letters1.png in Resources */ = {isa = PBXBuildFile; fileRef = A9A5440B21B9B1B700BF99FD /* letters1.png */; };
		A9A5442421B9B1B800BF99FD /* sam.radial in Resources */ = {isa = PBXBuildFile; fileRef = A9A5440C21B9B1B700BF99FD /* sam.radial */; };
		A9A5442521B9B1B800BF99FD /* testfile2.radial in Resources */ = {isa = PBXBuildFile; fileRef = A9A5440D21B9B1B800BF99FD /* testfile2.radial */; };
		A9A5442721B9B41500BF99FD /* ImageChoiceCell.swift in Sources */ = {isa = PBXBuildFile; fileRef = A9A5442621B9B41500BF99FD /* ImageChoiceCell.swift */; };
		A9A665EF221CAE0300D0FABD /* UIImage+GIF.swift in Sources */ = {isa = PBXBuildFile; fileRef = A9A665EE221CAE0300D0FABD /* UIImage+GIF.swift */; };
		A9B966EC21ABC5EA0079EBB7 /* GriffyModel.swift in Sources */ = {isa = PBXBuildFile; fileRef = A9B966EB21ABC5EA0079EBB7 /* GriffyModel.swift */; };
		A9B966EE21ABCBCE0079EBB7 /* SettingsTableViewController.swift in Sources */ = {isa = PBXBuildFile; fileRef = A9B966ED21ABCBCE0079EBB7 /* SettingsTableViewController.swift */; };
		A9B966F021ABD7E10079EBB7 /* RealmMigrations.swift in Sources */ = {isa = PBXBuildFile; fileRef = A9B966EF21ABD7E10079EBB7 /* RealmMigrations.swift */; };
		A9B966F221ABDDED0079EBB7 /* StatusTableViewController.swift in Sources */ = {isa = PBXBuildFile; fileRef = A9B966F121ABDDED0079EBB7 /* StatusTableViewController.swift */; };
		A9B966F421ABDE840079EBB7 /* ImagesTableViewController.swift in Sources */ = {isa = PBXBuildFile; fileRef = A9B966F321ABDE840079EBB7 /* ImagesTableViewController.swift */; };
		A9B966F621ABDE9A0079EBB7 /* AdminMainTableViewController.swift in Sources */ = {isa = PBXBuildFile; fileRef = A9B966F521ABDE9A0079EBB7 /* AdminMainTableViewController.swift */; };
		A9B966F821ABE18A0079EBB7 /* CharacteristicDetailViewController.swift in Sources */ = {isa = PBXBuildFile; fileRef = A9B966F721ABE18A0079EBB7 /* CharacteristicDetailViewController.swift */; };
/* End PBXBuildFile section */

/* Begin PBXFileReference section */
		8A2B5E1B83AB8992CCC3418C /* Pods_Griffy.framework */ = {isa = PBXFileReference; explicitFileType = wrapper.framework; includeInIndex = 0; path = Pods_Griffy.framework; sourceTree = BUILT_PRODUCTS_DIR; };
		8F143CB311D88810991B4607 /* Pods-Griffy.debug.xcconfig */ = {isa = PBXFileReference; includeInIndex = 1; lastKnownFileType = text.xcconfig; name = "Pods-Griffy.debug.xcconfig"; path = "Pods/Target Support Files/Pods-Griffy/Pods-Griffy.debug.xcconfig"; sourceTree = "<group>"; };
		A90925A121D963B700D7648E /* ClientChooserTableViewCell.swift */ = {isa = PBXFileReference; lastKnownFileType = sourcecode.swift; path = ClientChooserTableViewCell.swift; sourceTree = "<group>"; };
		A9270E6D21B9B56C007BD884 /* ImageChoiceCollectionViewController.swift */ = {isa = PBXFileReference; fileEncoding = 4; lastKnownFileType = sourcecode.swift; path = ImageChoiceCollectionViewController.swift; sourceTree = "<group>"; };
		A9270E6F21B9C6C4007BD884 /* GriffyTabBarController.swift */ = {isa = PBXFileReference; lastKnownFileType = sourcecode.swift; path = GriffyTabBarController.swift; sourceTree = "<group>"; };
		A9270E7121B9CF88007BD884 /* martin1.png */ = {isa = PBXFileReference; lastKnownFileType = image.png; path = martin1.png; sourceTree = "<group>"; };
		A9270E7221B9CF88007BD884 /* eli_bonaire.png */ = {isa = PBXFileReference; lastKnownFileType = image.png; path = eli_bonaire.png; sourceTree = "<group>"; };
		A9270E7321B9CF88007BD884 /* sam.png */ = {isa = PBXFileReference; lastKnownFileType = image.png; path = sam.png; sourceTree = "<group>"; };
		A9270E7421B9CF88007BD884 /* sorry.png */ = {isa = PBXFileReference; lastKnownFileType = image.png; path = sorry.png; sourceTree = "<group>"; };
		A9416F3021FBCB400096824F /* GFStateManager.swift */ = {isa = PBXFileReference; lastKnownFileType = sourcecode.swift; path = GFStateManager.swift; sourceTree = "<group>"; };
		A95B21CC21A0D02B001E1F28 /* Griffy.app */ = {isa = PBXFileReference; explicitFileType = wrapper.application; includeInIndex = 0; path = Griffy.app; sourceTree = BUILT_PRODUCTS_DIR; };
		A95B21CF21A0D02B001E1F28 /* AppDelegate.swift */ = {isa = PBXFileReference; lastKnownFileType = sourcecode.swift; path = AppDelegate.swift; sourceTree = "<group>"; };
		A95B21D221A0D02B001E1F28 /* Griffy.xcdatamodel */ = {isa = PBXFileReference; lastKnownFileType = wrapper.xcdatamodel; path = Griffy.xcdatamodel; sourceTree = "<group>"; };
		A95B21D421A0D02B001E1F28 /* MasterViewController.swift */ = {isa = PBXFileReference; lastKnownFileType = sourcecode.swift; path = MasterViewController.swift; sourceTree = "<group>"; };
		A95B21D921A0D02B001E1F28 /* Base */ = {isa = PBXFileReference; lastKnownFileType = file.storyboard; name = Base; path = Base.lproj/Main.storyboard; sourceTree = "<group>"; };
		A95B21DB21A0D02B001E1F28 /* Assets.xcassets */ = {isa = PBXFileReference; lastKnownFileType = folder.assetcatalog; path = Assets.xcassets; sourceTree = "<group>"; };
		A95B21DE21A0D02B001E1F28 /* Base */ = {isa = PBXFileReference; lastKnownFileType = file.storyboard; name = Base; path = Base.lproj/LaunchScreen.storyboard; sourceTree = "<group>"; };
		A95B21E021A0D02B001E1F28 /* Info.plist */ = {isa = PBXFileReference; lastKnownFileType = text.plist.xml; path = Info.plist; sourceTree = "<group>"; };
		A95B21E621A0D045001E1F28 /* Griffy.entitlements */ = {isa = PBXFileReference; lastKnownFileType = text.plist.entitlements; path = Griffy.entitlements; sourceTree = "<group>"; };
		A95B21E821A0D05A001E1F28 /* CoreBluetooth.framework */ = {isa = PBXFileReference; lastKnownFileType = wrapper.framework; name = CoreBluetooth.framework; path = System/Library/Frameworks/CoreBluetooth.framework; sourceTree = SDKROOT; };
		A95B21EA21A0D8E8001E1F28 /* Constants.swift */ = {isa = PBXFileReference; lastKnownFileType = sourcecode.swift; path = Constants.swift; sourceTree = "<group>"; };
		A95B21EC21A0DC88001E1F28 /* BluetoothManager.swift */ = {isa = PBXFileReference; lastKnownFileType = sourcecode.swift; path = BluetoothManager.swift; sourceTree = "<group>"; };
		A95B21EE21A0EF0B001E1F28 /* Extensions.swift */ = {isa = PBXFileReference; lastKnownFileType = sourcecode.swift; path = Extensions.swift; sourceTree = "<group>"; };
		A95C8A5421A2405F00387444 /* CharacteristicExtensions.swift */ = {isa = PBXFileReference; lastKnownFileType = sourcecode.swift; path = CharacteristicExtensions.swift; sourceTree = "<group>"; };
		A976F31D21D9771A00A00817 /* GriffyFileManager.swift */ = {isa = PBXFileReference; lastKnownFileType = sourcecode.swift; path = GriffyFileManager.swift; sourceTree = "<group>"; };
		A976F31F21DC724C00A00817 /* MainControlViewController.swift */ = {isa = PBXFileReference; lastKnownFileType = sourcecode.swift; path = MainControlViewController.swift; sourceTree = "<group>"; };
		A97E67A221D6AF410031678A /* ClientChooserTableViewController.swift */ = {isa = PBXFileReference; lastKnownFileType = sourcecode.swift; path = ClientChooserTableViewController.swift; sourceTree = "<group>"; };
		A9A543E921B5B9A600BF99FD /* BaseTableViewController.swift */ = {isa = PBXFileReference; lastKnownFileType = sourcecode.swift; path = BaseTableViewController.swift; sourceTree = "<group>"; };
		A9A543EE21B5C24B00BF99FD /* t.pdf */ = {isa = PBXFileReference; lastKnownFileType = image.pdf; path = t.pdf; sourceTree = "<group>"; };
		A9A543F321B9AF6900BF99FD /* GriffyImages.swift */ = {isa = PBXFileReference; lastKnownFileType = sourcecode.swift; path = GriffyImages.swift; sourceTree = "<group>"; };
		A9A543F621B9B1B400BF99FD /* letters1.radial */ = {isa = PBXFileReference; lastKnownFileType = file; path = letters1.radial; sourceTree = "<group>"; };
		A9A543F721B9B1B400BF99FD /* letters3.png */ = {isa = PBXFileReference; lastKnownFileType = image.png; path = letters3.png; sourceTree = "<group>"; };
		A9A543F821B9B1B400BF99FD /* testfile1.radial */ = {isa = PBXFileReference; lastKnownFileType = file; path = testfile1.radial; sourceTree = "<group>"; };
		A9A543FA21B9B1B400BF99FD /* letters2.png */ = {isa = PBXFileReference; lastKnownFileType = image.png; path = letters2.png; sourceTree = "<group>"; };
		A9A543FD21B9B1B500BF99FD /* testfile2.png */ = {isa = PBXFileReference; lastKnownFileType = image.png; path = testfile2.png; sourceTree = "<group>"; };
		A9A543FE21B9B1B500BF99FD /* martin1.radial */ = {isa = PBXFileReference; fileEncoding = 4; lastKnownFileType = text; path = martin1.radial; sourceTree = "<group>"; };
		A9A543FF21B9B1B500BF99FD /* cocacola.radial */ = {isa = PBXFileReference; lastKnownFileType = file; path = cocacola.radial; sourceTree = "<group>"; };
		A9A5440121B9B1B500BF99FD /* eli_bonaire.radial */ = {isa = PBXFileReference; fileEncoding = 4; lastKnownFileType = text; path = eli_bonaire.radial; sourceTree = "<group>"; };
		A9A5440221B9B1B500BF99FD /* letters2.radial */ = {isa = PBXFileReference; lastKnownFileType = file; path = letters2.radial; sourceTree = "<group>"; };
		A9A5440321B9B1B600BF99FD /* letters3.radial */ = {isa = PBXFileReference; lastKnownFileType = file; path = letters3.radial; sourceTree = "<group>"; };
		A9A5440421B9B1B600BF99FD /* cocacola.png */ = {isa = PBXFileReference; lastKnownFileType = image.png; path = cocacola.png; sourceTree = "<group>"; };
		A9A5440521B9B1B600BF99FD /* sorry.radial */ = {isa = PBXFileReference; lastKnownFileType = file; path = sorry.radial; sourceTree = "<group>"; };
		A9A5440621B9B1B600BF99FD /* starbucks.radial */ = {isa = PBXFileReference; lastKnownFileType = file; path = starbucks.radial; sourceTree = "<group>"; };
		A9A5440721B9B1B600BF99FD /* testfile1.png */ = {isa = PBXFileReference; lastKnownFileType = image.png; path = testfile1.png; sourceTree = "<group>"; };
		A9A5440821B9B1B700BF99FD /* testfile4.radial */ = {isa = PBXFileReference; lastKnownFileType = file; path = testfile4.radial; sourceTree = "<group>"; };
		A9A5440921B9B1B700BF99FD /* starbucks.png */ = {isa = PBXFileReference; lastKnownFileType = image.png; path = starbucks.png; sourceTree = "<group>"; };
		A9A5440A21B9B1B700BF99FD /* testfile4.png */ = {isa = PBXFileReference; lastKnownFileType = image.png; path = testfile4.png; sourceTree = "<group>"; };
		A9A5440B21B9B1B700BF99FD /* letters1.png */ = {isa = PBXFileReference; lastKnownFileType = image.png; path = letters1.png; sourceTree = "<group>"; };
		A9A5440C21B9B1B700BF99FD /* sam.radial */ = {isa = PBXFileReference; lastKnownFileType = file; path = sam.radial; sourceTree = "<group>"; };
		A9A5440D21B9B1B800BF99FD /* testfile2.radial */ = {isa = PBXFileReference; lastKnownFileType = file; path = testfile2.radial; sourceTree = "<group>"; };
		A9A5442621B9B41500BF99FD /* ImageChoiceCell.swift */ = {isa = PBXFileReference; lastKnownFileType = sourcecode.swift; path = ImageChoiceCell.swift; sourceTree = "<group>"; };
		A9A665EE221CAE0300D0FABD /* UIImage+GIF.swift */ = {isa = PBXFileReference; lastKnownFileType = sourcecode.swift; path = "UIImage+GIF.swift"; sourceTree = "<group>"; };
		A9B966EB21ABC5EA0079EBB7 /* GriffyModel.swift */ = {isa = PBXFileReference; lastKnownFileType = sourcecode.swift; path = GriffyModel.swift; sourceTree = "<group>"; };
		A9B966ED21ABCBCE0079EBB7 /* SettingsTableViewController.swift */ = {isa = PBXFileReference; lastKnownFileType = sourcecode.swift; path = SettingsTableViewController.swift; sourceTree = "<group>"; };
		A9B966EF21ABD7E10079EBB7 /* RealmMigrations.swift */ = {isa = PBXFileReference; lastKnownFileType = sourcecode.swift; path = RealmMigrations.swift; sourceTree = "<group>"; };
		A9B966F121ABDDED0079EBB7 /* StatusTableViewController.swift */ = {isa = PBXFileReference; lastKnownFileType = sourcecode.swift; path = StatusTableViewController.swift; sourceTree = "<group>"; };
		A9B966F321ABDE840079EBB7 /* ImagesTableViewController.swift */ = {isa = PBXFileReference; lastKnownFileType = sourcecode.swift; path = ImagesTableViewController.swift; sourceTree = "<group>"; };
		A9B966F521ABDE9A0079EBB7 /* AdminMainTableViewController.swift */ = {isa = PBXFileReference; lastKnownFileType = sourcecode.swift; path = AdminMainTableViewController.swift; sourceTree = "<group>"; };
		A9B966F721ABE18A0079EBB7 /* CharacteristicDetailViewController.swift */ = {isa = PBXFileReference; lastKnownFileType = sourcecode.swift; path = CharacteristicDetailViewController.swift; sourceTree = "<group>"; };
		C7627662C0CC93BB4C7CEC23 /* Pods-Griffy.release.xcconfig */ = {isa = PBXFileReference; includeInIndex = 1; lastKnownFileType = text.xcconfig; name = "Pods-Griffy.release.xcconfig"; path = "Pods/Target Support Files/Pods-Griffy/Pods-Griffy.release.xcconfig"; sourceTree = "<group>"; };
/* End PBXFileReference section */

/* Begin PBXFrameworksBuildPhase section */
		A95B21C921A0D02B001E1F28 /* Frameworks */ = {
			isa = PBXFrameworksBuildPhase;
			buildActionMask = 2147483647;
			files = (
				A95B21E921A0D05A001E1F28 /* CoreBluetooth.framework in Frameworks */,
				93412C539572DA15072FD06A /* Pods_Griffy.framework in Frameworks */,
			);
			runOnlyForDeploymentPostprocessing = 0;
		};
/* End PBXFrameworksBuildPhase section */

/* Begin PBXGroup section */
		A95B21C321A0D02B001E1F28 = {
			isa = PBXGroup;
			children = (
				A95B21CE21A0D02B001E1F28 /* Griffy */,
				A95B21CD21A0D02B001E1F28 /* Products */,
				A95B21E721A0D05A001E1F28 /* Frameworks */,
				CD0C92496895C6A8DA24B47B /* Pods */,
			);
			sourceTree = "<group>";
		};
		A95B21CD21A0D02B001E1F28 /* Products */ = {
			isa = PBXGroup;
			children = (
				A95B21CC21A0D02B001E1F28 /* Griffy.app */,
			);
			name = Products;
			sourceTree = "<group>";
		};
		A95B21CE21A0D02B001E1F28 /* Griffy */ = {
			isa = PBXGroup;
			children = (
				A9A665EE221CAE0300D0FABD /* UIImage+GIF.swift */,
				A9416F3021FBCB400096824F /* GFStateManager.swift */,
				A976F31F21DC724C00A00817 /* MainControlViewController.swift */,
				A976F31D21D9771A00A00817 /* GriffyFileManager.swift */,
				A97E67A221D6AF410031678A /* ClientChooserTableViewController.swift */,
				A90925A121D963B700D7648E /* ClientChooserTableViewCell.swift */,
				A9270E6F21B9C6C4007BD884 /* GriffyTabBarController.swift */,
				A9A5442621B9B41500BF99FD /* ImageChoiceCell.swift */,
				A9270E6D21B9B56C007BD884 /* ImageChoiceCollectionViewController.swift */,
				A9B966F721ABE18A0079EBB7 /* CharacteristicDetailViewController.swift */,
				A9A543EB21B5BAB900BF99FD /* Table View Controllers */,
				A9B966EF21ABD7E10079EBB7 /* RealmMigrations.swift */,
				A9B966EB21ABC5EA0079EBB7 /* GriffyModel.swift */,
				A95B21EE21A0EF0B001E1F28 /* Extensions.swift */,
				A95C8A5421A2405F00387444 /* CharacteristicExtensions.swift */,
				A95B21E621A0D045001E1F28 /* Griffy.entitlements */,
				A95B21CF21A0D02B001E1F28 /* AppDelegate.swift */,
				A95B21D421A0D02B001E1F28 /* MasterViewController.swift */,
				A9A543EE21B5C24B00BF99FD /* t.pdf */,
				A9A543F521B9B01E00BF99FD /* GriffyImages */,
				A9A543F321B9AF6900BF99FD /* GriffyImages.swift */,
				A95B21EC21A0DC88001E1F28 /* BluetoothManager.swift */,
				A95B21EA21A0D8E8001E1F28 /* Constants.swift */,
				A95B21D821A0D02B001E1F28 /* Main.storyboard */,
				A95B21DB21A0D02B001E1F28 /* Assets.xcassets */,
				A95B21DD21A0D02B001E1F28 /* LaunchScreen.storyboard */,
				A95B21E021A0D02B001E1F28 /* Info.plist */,
				A95B21D121A0D02B001E1F28 /* Griffy.xcdatamodeld */,
			);
			path = Griffy;
			sourceTree = "<group>";
		};
		A95B21E721A0D05A001E1F28 /* Frameworks */ = {
			isa = PBXGroup;
			children = (
				A95B21E821A0D05A001E1F28 /* CoreBluetooth.framework */,
				8A2B5E1B83AB8992CCC3418C /* Pods_Griffy.framework */,
			);
			name = Frameworks;
			sourceTree = "<group>";
		};
		A9A543EB21B5BAB900BF99FD /* Table View Controllers */ = {
			isa = PBXGroup;
			children = (
				A9A543E921B5B9A600BF99FD /* BaseTableViewController.swift */,
				A9B966F121ABDDED0079EBB7 /* StatusTableViewController.swift */,
				A9B966F321ABDE840079EBB7 /* ImagesTableViewController.swift */,
				A9B966ED21ABCBCE0079EBB7 /* SettingsTableViewController.swift */,
				A9B966F521ABDE9A0079EBB7 /* AdminMainTableViewController.swift */,
			);
			path = "Table View Controllers";
			sourceTree = "<group>";
		};
		A9A543F521B9B01E00BF99FD /* GriffyImages */ = {
			isa = PBXGroup;
			children = (
				A9A5440421B9B1B600BF99FD /* cocacola.png */,
				A9A543FF21B9B1B500BF99FD /* cocacola.radial */,
				A9270E7221B9CF88007BD884 /* eli_bonaire.png */,
				A9A5440121B9B1B500BF99FD /* eli_bonaire.radial */,
				A9A5440B21B9B1B700BF99FD /* letters1.png */,
				A9A543F621B9B1B400BF99FD /* letters1.radial */,
				A9A543FA21B9B1B400BF99FD /* letters2.png */,
				A9A5440221B9B1B500BF99FD /* letters2.radial */,
				A9A543F721B9B1B400BF99FD /* letters3.png */,
				A9A5440321B9B1B600BF99FD /* letters3.radial */,
				A9270E7421B9CF88007BD884 /* sorry.png */,
				A9A5440521B9B1B600BF99FD /* sorry.radial */,
				A9270E7121B9CF88007BD884 /* martin1.png */,
				A9A543FE21B9B1B500BF99FD /* martin1.radial */,
				A9270E7321B9CF88007BD884 /* sam.png */,
				A9A5440C21B9B1B700BF99FD /* sam.radial */,
				A9A5440921B9B1B700BF99FD /* starbucks.png */,
				A9A5440621B9B1B600BF99FD /* starbucks.radial */,
				A9A5440721B9B1B600BF99FD /* testfile1.png */,
				A9A543F821B9B1B400BF99FD /* testfile1.radial */,
				A9A543FD21B9B1B500BF99FD /* testfile2.png */,
				A9A5440D21B9B1B800BF99FD /* testfile2.radial */,
				A9A5440A21B9B1B700BF99FD /* testfile4.png */,
				A9A5440821B9B1B700BF99FD /* testfile4.radial */,
			);
			path = GriffyImages;
			sourceTree = "<group>";
		};
		CD0C92496895C6A8DA24B47B /* Pods */ = {
			isa = PBXGroup;
			children = (
				8F143CB311D88810991B4607 /* Pods-Griffy.debug.xcconfig */,
				C7627662C0CC93BB4C7CEC23 /* Pods-Griffy.release.xcconfig */,
			);
			name = Pods;
			sourceTree = "<group>";
		};
/* End PBXGroup section */

/* Begin PBXNativeTarget section */
		A95B21CB21A0D02B001E1F28 /* Griffy */ = {
			isa = PBXNativeTarget;
			buildConfigurationList = A95B21E321A0D02B001E1F28 /* Build configuration list for PBXNativeTarget "Griffy" */;
			buildPhases = (
				53C0D2D86C7694E7B2261C89 /* [CP] Check Pods Manifest.lock */,
				A95B21C821A0D02B001E1F28 /* Sources */,
				A95B21C921A0D02B001E1F28 /* Frameworks */,
				A95B21CA21A0D02B001E1F28 /* Resources */,
				4BDCB41A2E6F994889454F9D /* [CP] Embed Pods Frameworks */,
				A92CF4B421AF23EF009C31EE /* ShellScript */,
			);
			buildRules = (
			);
			dependencies = (
			);
			name = Griffy;
			productName = Griffy;
			productReference = A95B21CC21A0D02B001E1F28 /* Griffy.app */;
			productType = "com.apple.product-type.application";
		};
/* End PBXNativeTarget section */

/* Begin PBXProject section */
		A95B21C421A0D02B001E1F28 /* Project object */ = {
			isa = PBXProject;
			attributes = {
				LastSwiftUpdateCheck = 1010;
				LastUpgradeCheck = 1010;
				ORGANIZATIONNAME = "Sam Goldstein";
				TargetAttributes = {
					A95B21CB21A0D02B001E1F28 = {
						CreatedOnToolsVersion = 10.1;
						ProvisioningStyle = Automatic;
						SystemCapabilities = {
							com.apple.BackgroundModes = {
								enabled = 1;
							};
							com.apple.NearFieldCommunicationTagReading = {
								enabled = 1;
							};
						};
					};
				};
			};
			buildConfigurationList = A95B21C721A0D02B001E1F28 /* Build configuration list for PBXProject "Griffy" */;
			compatibilityVersion = "Xcode 8.0";
			developmentRegion = en;
			hasScannedForEncodings = 0;
			knownRegions = (
				en,
				Base,
			);
			mainGroup = A95B21C321A0D02B001E1F28;
			productRefGroup = A95B21CD21A0D02B001E1F28 /* Products */;
			projectDirPath = "";
			projectRoot = "";
			targets = (
				A95B21CB21A0D02B001E1F28 /* Griffy */,
			);
		};
/* End PBXProject section */

/* Begin PBXResourcesBuildPhase section */
		A95B21CA21A0D02B001E1F28 /* Resources */ = {
			isa = PBXResourcesBuildPhase;
			buildActionMask = 2147483647;
			files = (
				A95B21DF21A0D02B001E1F28 /* LaunchScreen.storyboard in Resources */,
				A9A5441721B9B1B800BF99FD /* cocacola.radial in Resources */,
				A9A5442121B9B1B800BF99FD /* starbucks.png in Resources */,
				A95B21DC21A0D02B001E1F28 /* Assets.xcassets in Resources */,
				A9A5442521B9B1B800BF99FD /* testfile2.radial in Resources */,
				A9A5441021B9B1B800BF99FD /* testfile1.radial in Resources */,
				A9A5442421B9B1B800BF99FD /* sam.radial in Resources */,
				A9A5441921B9B1B800BF99FD /* eli_bonaire.radial in Resources */,
				A9A5442321B9B1B800BF99FD /* letters1.png in Resources */,
				A9270E7721B9CF89007BD884 /* sam.png in Resources */,
				A9A5441621B9B1B800BF99FD /* martin1.radial in Resources */,
				A9A5441C21B9B1B800BF99FD /* cocacola.png in Resources */,
				A9A5442221B9B1B800BF99FD /* testfile4.png in Resources */,
				A9270E7521B9CF89007BD884 /* martin1.png in Resources */,
				A9A5440E21B9B1B800BF99FD /* letters1.radial in Resources */,
				A9270E7621B9CF89007BD884 /* eli_bonaire.png in Resources */,
				A9A543EF21B5C24B00BF99FD /* t.pdf in Resources */,
				A95B21DA21A0D02B001E1F28 /* Main.storyboard in Resources */,
				A9A5442021B9B1B800BF99FD /* testfile4.radial in Resources */,
				A9A5441B21B9B1B800BF99FD /* letters3.radial in Resources */,
				A9A5441D21B9B1B800BF99FD /* sorry.radial in Resources */,
				A9A5440F21B9B1B800BF99FD /* letters3.png in Resources */,
				A9A5441E21B9B1B800BF99FD /* starbucks.radial in Resources */,
				A9270E7821B9CF89007BD884 /* sorry.png in Resources */,
				A9A5441A21B9B1B800BF99FD /* letters2.radial in Resources */,
				A9A5441F21B9B1B800BF99FD /* testfile1.png in Resources */,
				A9A5441521B9B1B800BF99FD /* testfile2.png in Resources */,
				A9A5441221B9B1B800BF99FD /* letters2.png in Resources */,
			);
			runOnlyForDeploymentPostprocessing = 0;
		};
/* End PBXResourcesBuildPhase section */

/* Begin PBXShellScriptBuildPhase section */
		4BDCB41A2E6F994889454F9D /* [CP] Embed Pods Frameworks */ = {
			isa = PBXShellScriptBuildPhase;
			buildActionMask = 2147483647;
			files = (
			);
			inputPaths = (
				"${PODS_ROOT}/Target Support Files/Pods-Griffy/Pods-Griffy-frameworks.sh",
				"${BUILT_PRODUCTS_DIR}/Alamofire/Alamofire.framework",
				"${BUILT_PRODUCTS_DIR}/JGProgressHUD/JGProgressHUD.framework",
				"${BUILT_PRODUCTS_DIR}/PureLayout/PureLayout.framework",
				"${BUILT_PRODUCTS_DIR}/Realm/Realm.framework",
				"${BUILT_PRODUCTS_DIR}/RealmSwift/RealmSwift.framework",
				"${BUILT_PRODUCTS_DIR}/SDWebImage/SDWebImage.framework",
				"${BUILT_PRODUCTS_DIR}/SwiftyDropbox/SwiftyDropbox.framework",
			);
			name = "[CP] Embed Pods Frameworks";
			outputPaths = (
				"${TARGET_BUILD_DIR}/${FRAMEWORKS_FOLDER_PATH}/Alamofire.framework",
				"${TARGET_BUILD_DIR}/${FRAMEWORKS_FOLDER_PATH}/JGProgressHUD.framework",
				"${TARGET_BUILD_DIR}/${FRAMEWORKS_FOLDER_PATH}/PureLayout.framework",
				"${TARGET_BUILD_DIR}/${FRAMEWORKS_FOLDER_PATH}/Realm.framework",
				"${TARGET_BUILD_DIR}/${FRAMEWORKS_FOLDER_PATH}/RealmSwift.framework",
				"${TARGET_BUILD_DIR}/${FRAMEWORKS_FOLDER_PATH}/SDWebImage.framework",
				"${TARGET_BUILD_DIR}/${FRAMEWORKS_FOLDER_PATH}/SwiftyDropbox.framework",
			);
			runOnlyForDeploymentPostprocessing = 0;
			shellPath = /bin/sh;
			shellScript = "\"${PODS_ROOT}/Target Support Files/Pods-Griffy/Pods-Griffy-frameworks.sh\"\n";
			showEnvVarsInLog = 0;
		};
		53C0D2D86C7694E7B2261C89 /* [CP] Check Pods Manifest.lock */ = {
			isa = PBXShellScriptBuildPhase;
			buildActionMask = 2147483647;
			files = (
			);
			inputPaths = (
				"${PODS_PODFILE_DIR_PATH}/Podfile.lock",
				"${PODS_ROOT}/Manifest.lock",
			);
			name = "[CP] Check Pods Manifest.lock";
			outputPaths = (
				"$(DERIVED_FILE_DIR)/Pods-Griffy-checkManifestLockResult.txt",
			);
			runOnlyForDeploymentPostprocessing = 0;
			shellPath = /bin/sh;
			shellScript = "diff \"${PODS_PODFILE_DIR_PATH}/Podfile.lock\" \"${PODS_ROOT}/Manifest.lock\" > /dev/null\nif [ $? != 0 ] ; then\n    # print error to STDERR\n    echo \"error: The sandbox is not in sync with the Podfile.lock. Run 'pod install' or update your CocoaPods installation.\" >&2\n    exit 1\nfi\n# This output is used by Xcode 'outputs' to avoid re-running this script phase.\necho \"SUCCESS\" > \"${SCRIPT_OUTPUT_FILE_0}\"\n";
			showEnvVarsInLog = 0;
		};
		A92CF4B421AF23EF009C31EE /* ShellScript */ = {
			isa = PBXShellScriptBuildPhase;
			buildActionMask = 2147483647;
			files = (
			);
			inputFileListPaths = (
			);
			inputPaths = (
			);
			outputFileListPaths = (
			);
			outputPaths = (
			);
			runOnlyForDeploymentPostprocessing = 0;
			shellPath = /bin/sh;
			shellScript = "\"${PODS_ROOT}/Fabric/run\" 7205cd5b0cf9a4b0c7a6f0d185d18d9f7478da23 e9dfaa87facd55cb4d18c16058d26cd576b989c6932033b121433ab51f65ca8c\n";
		};
/* End PBXShellScriptBuildPhase section */

/* Begin PBXSourcesBuildPhase section */
		A95B21C821A0D02B001E1F28 /* Sources */ = {
			isa = PBXSourcesBuildPhase;
			buildActionMask = 2147483647;
			files = (
				A9B966F821ABE18A0079EBB7 /* CharacteristicDetailViewController.swift in Sources */,
				A9B966F021ABD7E10079EBB7 /* RealmMigrations.swift in Sources */,
				A976F32021DC724D00A00817 /* MainControlViewController.swift in Sources */,
				A95B21EB21A0D8E8001E1F28 /* Constants.swift in Sources */,
				A95B21D321A0D02B001E1F28 /* Griffy.xcdatamodeld in Sources */,
				A9A665EF221CAE0300D0FABD /* UIImage+GIF.swift in Sources */,
				A9B966F421ABDE840079EBB7 /* ImagesTableViewController.swift in Sources */,
				A9B966F221ABDDED0079EBB7 /* StatusTableViewController.swift in Sources */,
				A95C8A5521A2405F00387444 /* CharacteristicExtensions.swift in Sources */,
				A95B21D021A0D02B001E1F28 /* AppDelegate.swift in Sources */,
				A976F31E21D9771A00A00817 /* GriffyFileManager.swift in Sources */,
				A9A5442721B9B41500BF99FD /* ImageChoiceCell.swift in Sources */,
				A90925A221D963B700D7648E /* ClientChooserTableViewCell.swift in Sources */,
				A9270E7021B9C6C4007BD884 /* GriffyTabBarController.swift in Sources */,
				A95B21D521A0D02B001E1F28 /* MasterViewController.swift in Sources */,
				A97E67A321D6AF410031678A /* ClientChooserTableViewController.swift in Sources */,
				A95B21ED21A0DC88001E1F28 /* BluetoothManager.swift in Sources */,
				A9416F3121FBCB400096824F /* GFStateManager.swift in Sources */,
				A9A543F421B9AF6900BF99FD /* GriffyImages.swift in Sources */,
				A9B966F621ABDE9A0079EBB7 /* AdminMainTableViewController.swift in Sources */,
				A9B966EC21ABC5EA0079EBB7 /* GriffyModel.swift in Sources */,
				A9A543EA21B5B9A600BF99FD /* BaseTableViewController.swift in Sources */,
				A95B21EF21A0EF0B001E1F28 /* Extensions.swift in Sources */,
				A9B966EE21ABCBCE0079EBB7 /* SettingsTableViewController.swift in Sources */,
				A9270E6E21B9B56C007BD884 /* ImageChoiceCollectionViewController.swift in Sources */,
			);
			runOnlyForDeploymentPostprocessing = 0;
		};
/* End PBXSourcesBuildPhase section */

/* Begin PBXVariantGroup section */
		A95B21D821A0D02B001E1F28 /* Main.storyboard */ = {
			isa = PBXVariantGroup;
			children = (
				A95B21D921A0D02B001E1F28 /* Base */,
			);
			name = Main.storyboard;
			sourceTree = "<group>";
		};
		A95B21DD21A0D02B001E1F28 /* LaunchScreen.storyboard */ = {
			isa = PBXVariantGroup;
			children = (
				A95B21DE21A0D02B001E1F28 /* Base */,
			);
			name = LaunchScreen.storyboard;
			sourceTree = "<group>";
		};
/* End PBXVariantGroup section */

/* Begin XCBuildConfiguration section */
		A95B21E121A0D02B001E1F28 /* Debug */ = {
			isa = XCBuildConfiguration;
			buildSettings = {
				ALWAYS_SEARCH_USER_PATHS = NO;
				CLANG_ANALYZER_NONNULL = YES;
				CLANG_ANALYZER_NUMBER_OBJECT_CONVERSION = YES_AGGRESSIVE;
				CLANG_CXX_LANGUAGE_STANDARD = "gnu++14";
				CLANG_CXX_LIBRARY = "libc++";
				CLANG_ENABLE_MODULES = YES;
				CLANG_ENABLE_OBJC_ARC = YES;
				CLANG_ENABLE_OBJC_WEAK = YES;
				CLANG_WARN_BLOCK_CAPTURE_AUTORELEASING = YES;
				CLANG_WARN_BOOL_CONVERSION = YES;
				CLANG_WARN_COMMA = YES;
				CLANG_WARN_CONSTANT_CONVERSION = YES;
				CLANG_WARN_DEPRECATED_OBJC_IMPLEMENTATIONS = YES;
				CLANG_WARN_DIRECT_OBJC_ISA_USAGE = YES_ERROR;
				CLANG_WARN_DOCUMENTATION_COMMENTS = YES;
				CLANG_WARN_EMPTY_BODY = YES;
				CLANG_WARN_ENUM_CONVERSION = YES;
				CLANG_WARN_INFINITE_RECURSION = YES;
				CLANG_WARN_INT_CONVERSION = YES;
				CLANG_WARN_NON_LITERAL_NULL_CONVERSION = YES;
				CLANG_WARN_OBJC_IMPLICIT_RETAIN_SELF = YES;
				CLANG_WARN_OBJC_LITERAL_CONVERSION = YES;
				CLANG_WARN_OBJC_ROOT_CLASS = YES_ERROR;
				CLANG_WARN_RANGE_LOOP_ANALYSIS = YES;
				CLANG_WARN_STRICT_PROTOTYPES = YES;
				CLANG_WARN_SUSPICIOUS_MOVE = YES;
				CLANG_WARN_UNGUARDED_AVAILABILITY = YES_AGGRESSIVE;
				CLANG_WARN_UNREACHABLE_CODE = YES;
				CLANG_WARN__DUPLICATE_METHOD_MATCH = YES;
				CODE_SIGN_IDENTITY = "iPhone Developer";
				COPY_PHASE_STRIP = NO;
				DEBUG_INFORMATION_FORMAT = dwarf;
				ENABLE_STRICT_OBJC_MSGSEND = YES;
				ENABLE_TESTABILITY = YES;
				GCC_C_LANGUAGE_STANDARD = gnu11;
				GCC_DYNAMIC_NO_PIC = NO;
				GCC_NO_COMMON_BLOCKS = YES;
				GCC_OPTIMIZATION_LEVEL = 0;
				GCC_PREPROCESSOR_DEFINITIONS = (
					"DEBUG=1",
					"$(inherited)",
				);
				GCC_WARN_64_TO_32_BIT_CONVERSION = YES;
				GCC_WARN_ABOUT_RETURN_TYPE = YES_ERROR;
				GCC_WARN_UNDECLARED_SELECTOR = YES;
				GCC_WARN_UNINITIALIZED_AUTOS = YES_AGGRESSIVE;
				GCC_WARN_UNUSED_FUNCTION = YES;
				GCC_WARN_UNUSED_VARIABLE = YES;
				IPHONEOS_DEPLOYMENT_TARGET = 12.1;
				MTL_ENABLE_DEBUG_INFO = INCLUDE_SOURCE;
				MTL_FAST_MATH = YES;
				ONLY_ACTIVE_ARCH = YES;
				SDKROOT = iphoneos;
				SWIFT_ACTIVE_COMPILATION_CONDITIONS = DEBUG;
				SWIFT_OPTIMIZATION_LEVEL = "-Owholemodule";
			};
			name = Debug;
		};
		A95B21E221A0D02B001E1F28 /* Release */ = {
			isa = XCBuildConfiguration;
			buildSettings = {
				ALWAYS_SEARCH_USER_PATHS = NO;
				CLANG_ANALYZER_NONNULL = YES;
				CLANG_ANALYZER_NUMBER_OBJECT_CONVERSION = YES_AGGRESSIVE;
				CLANG_CXX_LANGUAGE_STANDARD = "gnu++14";
				CLANG_CXX_LIBRARY = "libc++";
				CLANG_ENABLE_MODULES = YES;
				CLANG_ENABLE_OBJC_ARC = YES;
				CLANG_ENABLE_OBJC_WEAK = YES;
				CLANG_WARN_BLOCK_CAPTURE_AUTORELEASING = YES;
				CLANG_WARN_BOOL_CONVERSION = YES;
				CLANG_WARN_COMMA = YES;
				CLANG_WARN_CONSTANT_CONVERSION = YES;
				CLANG_WARN_DEPRECATED_OBJC_IMPLEMENTATIONS = YES;
				CLANG_WARN_DIRECT_OBJC_ISA_USAGE = YES_ERROR;
				CLANG_WARN_DOCUMENTATION_COMMENTS = YES;
				CLANG_WARN_EMPTY_BODY = YES;
				CLANG_WARN_ENUM_CONVERSION = YES;
				CLANG_WARN_INFINITE_RECURSION = YES;
				CLANG_WARN_INT_CONVERSION = YES;
				CLANG_WARN_NON_LITERAL_NULL_CONVERSION = YES;
				CLANG_WARN_OBJC_IMPLICIT_RETAIN_SELF = YES;
				CLANG_WARN_OBJC_LITERAL_CONVERSION = YES;
				CLANG_WARN_OBJC_ROOT_CLASS = YES_ERROR;
				CLANG_WARN_RANGE_LOOP_ANALYSIS = YES;
				CLANG_WARN_STRICT_PROTOTYPES = YES;
				CLANG_WARN_SUSPICIOUS_MOVE = YES;
				CLANG_WARN_UNGUARDED_AVAILABILITY = YES_AGGRESSIVE;
				CLANG_WARN_UNREACHABLE_CODE = YES;
				CLANG_WARN__DUPLICATE_METHOD_MATCH = YES;
				CODE_SIGN_IDENTITY = "iPhone Developer";
				COPY_PHASE_STRIP = NO;
				DEBUG_INFORMATION_FORMAT = "dwarf-with-dsym";
				ENABLE_NS_ASSERTIONS = NO;
				ENABLE_STRICT_OBJC_MSGSEND = YES;
				GCC_C_LANGUAGE_STANDARD = gnu11;
				GCC_NO_COMMON_BLOCKS = YES;
				GCC_WARN_64_TO_32_BIT_CONVERSION = YES;
				GCC_WARN_ABOUT_RETURN_TYPE = YES_ERROR;
				GCC_WARN_UNDECLARED_SELECTOR = YES;
				GCC_WARN_UNINITIALIZED_AUTOS = YES_AGGRESSIVE;
				GCC_WARN_UNUSED_FUNCTION = YES;
				GCC_WARN_UNUSED_VARIABLE = YES;
				IPHONEOS_DEPLOYMENT_TARGET = 12.1;
				MTL_ENABLE_DEBUG_INFO = NO;
				MTL_FAST_MATH = YES;
				SDKROOT = iphoneos;
				SWIFT_OPTIMIZATION_LEVEL = "-Owholemodule";
				VALIDATE_PRODUCT = YES;
			};
			name = Release;
		};
		A95B21E421A0D02B001E1F28 /* Debug */ = {
			isa = XCBuildConfiguration;
			baseConfigurationReference = 8F143CB311D88810991B4607 /* Pods-Griffy.debug.xcconfig */;
			buildSettings = {
				ASSETCATALOG_COMPILER_APPICON_NAME = AppIcon;
				CODE_SIGN_ENTITLEMENTS = Griffy/Griffy.entitlements;
				CODE_SIGN_STYLE = Automatic;
				CURRENT_PROJECT_VERSION = 1000903;
				DEBUG_INFORMATION_FORMAT = "dwarf-with-dsym";
				DEVELOPMENT_TEAM = T47MCQX4P8;
				INFOPLIST_FILE = Griffy/Info.plist;
				LD_RUNPATH_SEARCH_PATHS = "$(inherited) @executable_path/Frameworks";
				MARKETING_VERSION = 1.93;
				PRODUCT_BUNDLE_IDENTIFIER = "Team-Handstand.Griffy";
				PRODUCT_NAME = "$(TARGET_NAME)";
				SWIFT_OPTIMIZATION_LEVEL = "-Onone";
				SWIFT_VERSION = 4.2;
				TARGETED_DEVICE_FAMILY = "1,2";
			};
			name = Debug;
		};
		A95B21E521A0D02B001E1F28 /* Release */ = {
			isa = XCBuildConfiguration;
			baseConfigurationReference = C7627662C0CC93BB4C7CEC23 /* Pods-Griffy.release.xcconfig */;
			buildSettings = {
				ASSETCATALOG_COMPILER_APPICON_NAME = AppIcon;
				CODE_SIGN_ENTITLEMENTS = Griffy/Griffy.entitlements;
				CODE_SIGN_STYLE = Automatic;
				CURRENT_PROJECT_VERSION = 1000903;
				DEVELOPMENT_TEAM = T47MCQX4P8;
				INFOPLIST_FILE = Griffy/Info.plist;
				LD_RUNPATH_SEARCH_PATHS = "$(inherited) @executable_path/Frameworks";
				MARKETING_VERSION = 1.93;
				PRODUCT_BUNDLE_IDENTIFIER = "Team-Handstand.Griffy";
				PRODUCT_NAME = "$(TARGET_NAME)";
				SWIFT_OPTIMIZATION_LEVEL = "-O";
				SWIFT_VERSION = 4.2;
				TARGETED_DEVICE_FAMILY = "1,2";
			};
			name = Release;
		};
/* End XCBuildConfiguration section */

/* Begin XCConfigurationList section */
		A95B21C721A0D02B001E1F28 /* Build configuration list for PBXProject "Griffy" */ = {
			isa = XCConfigurationList;
			buildConfigurations = (
				A95B21E121A0D02B001E1F28 /* Debug */,
				A95B21E221A0D02B001E1F28 /* Release */,
			);
			defaultConfigurationIsVisible = 0;
			defaultConfigurationName = Release;
		};
		A95B21E321A0D02B001E1F28 /* Build configuration list for PBXNativeTarget "Griffy" */ = {
			isa = XCConfigurationList;
			buildConfigurations = (
				A95B21E421A0D02B001E1F28 /* Debug */,
				A95B21E521A0D02B001E1F28 /* Release */,
			);
			defaultConfigurationIsVisible = 0;
			defaultConfigurationName = Release;
		};
/* End XCConfigurationList section */

/* Begin XCVersionGroup section */
		A95B21D121A0D02B001E1F28 /* Griffy.xcdatamodeld */ = {
			isa = XCVersionGroup;
			children = (
				A95B21D221A0D02B001E1F28 /* Griffy.xcdatamodel */,
			);
			currentVersion = A95B21D221A0D02B001E1F28 /* Griffy.xcdatamodel */;
			path = Griffy.xcdatamodeld;
			sourceTree = "<group>";
			versionGroupType = wrapper.xcdatamodel;
		};
/* End XCVersionGroup section */
	};
	rootObject = A95B21C421A0D02B001E1F28 /* Project object */;
}
